// !$*UTF8*$!
{
	archiveVersion = 1;
	classes = {
	};
	objectVersion = 50;
	objects = {

/* Begin PBXBuildFile section */
		2306764128F5219F00668CF9 /* main.cpp in Sources */ = {isa = PBXBuildFile; fileRef = 2306764028F5219F00668CF9 /* main.cpp */; };
		2306764B28F5398500668CF9 /* ShapeFactory.cpp in Sources */ = {isa = PBXBuildFile; fileRef = 2306764928F5398500668CF9 /* ShapeFactory.cpp */; };
		2306765028F539AE00668CF9 /* Shape.cpp in Sources */ = {isa = PBXBuildFile; fileRef = 2306764E28F539AE00668CF9 /* Shape.cpp */; };
		2306765428F539B900668CF9 /* Circle.cpp in Sources */ = {isa = PBXBuildFile; fileRef = 2306765228F539B900668CF9 /* Circle.cpp */; };
		2306765828F539CA00668CF9 /* Square.cpp in Sources */ = {isa = PBXBuildFile; fileRef = 2306765628F539CA00668CF9 /* Square.cpp */; };
		2306765C28F539DE00668CF9 /* Rectangle.cpp in Sources */ = {isa = PBXBuildFile; fileRef = 2306765A28F539DE00668CF9 /* Rectangle.cpp */; };
		2306766328F547FC00668CF9 /* FactoryManager.cpp in Sources */ = {isa = PBXBuildFile; fileRef = 2306766128F547FC00668CF9 /* FactoryManager.cpp */; };
		2306766F28F5498300668CF9 /* ShapeFactory.cpp in Sources */ = {isa = PBXBuildFile; fileRef = 2306766D28F5498300668CF9 /* ShapeFactory.cpp */; };
		2306767328F5499C00668CF9 /* ColorFactory.cpp in Sources */ = {isa = PBXBuildFile; fileRef = 2306767128F5499C00668CF9 /* ColorFactory.cpp */; };
		2306767728F549AD00668CF9 /* Shape.cpp in Sources */ = {isa = PBXBuildFile; fileRef = 2306767528F549AD00668CF9 /* Shape.cpp */; };
		2306767B28F549BE00668CF9 /* Circle.cpp in Sources */ = {isa = PBXBuildFile; fileRef = 2306767928F549BE00668CF9 /* Circle.cpp */; };
		2306767F28F549CA00668CF9 /* Square.cpp in Sources */ = {isa = PBXBuildFile; fileRef = 2306767D28F549CA00668CF9 /* Square.cpp */; };
		2306768328F549DB00668CF9 /* Rectangle.cpp in Sources */ = {isa = PBXBuildFile; fileRef = 2306768128F549DB00668CF9 /* Rectangle.cpp */; };
		2306768728F549ED00668CF9 /* Color.cpp in Sources */ = {isa = PBXBuildFile; fileRef = 2306768528F549ED00668CF9 /* Color.cpp */; };
		2306768B28F54A0900668CF9 /* Red.cpp in Sources */ = {isa = PBXBuildFile; fileRef = 2306768928F54A0900668CF9 /* Red.cpp */; };
		2306769028F54A1400668CF9 /* Green.cpp in Sources */ = {isa = PBXBuildFile; fileRef = 2306768E28F54A1400668CF9 /* Green.cpp */; };
		2306769428F54A1E00668CF9 /* Blue.cpp in Sources */ = {isa = PBXBuildFile; fileRef = 2306769228F54A1E00668CF9 /* Blue.cpp */; };
		2306769A28F56F9100668CF9 /* Singleton.cpp in Sources */ = {isa = PBXBuildFile; fileRef = 2306769828F56F9100668CF9 /* Singleton.cpp */; };
		2306769F28F578A200668CF9 /* MealBuilder.cpp in Sources */ = {isa = PBXBuildFile; fileRef = 2306769D28F578A200668CF9 /* MealBuilder.cpp */; };
		230676A328F578B400668CF9 /* Meal.cpp in Sources */ = {isa = PBXBuildFile; fileRef = 230676A128F578B300668CF9 /* Meal.cpp */; };
		230676B028F5794700668CF9 /* Rice.cpp in Sources */ = {isa = PBXBuildFile; fileRef = 230676AE28F5794700668CF9 /* Rice.cpp */; };
		230676B528F5795100668CF9 /* Noodle.cpp in Sources */ = {isa = PBXBuildFile; fileRef = 230676B328F5795100668CF9 /* Noodle.cpp */; };
		230676B928F5795E00668CF9 /* Beer.cpp in Sources */ = {isa = PBXBuildFile; fileRef = 230676B728F5795E00668CF9 /* Beer.cpp */; };
		230676BD28F5796A00668CF9 /* Mike.cpp in Sources */ = {isa = PBXBuildFile; fileRef = 230676BB28F5796A00668CF9 /* Mike.cpp */; };
		230676C528F57E5800668CF9 /* Bowl.cpp in Sources */ = {isa = PBXBuildFile; fileRef = 230676C328F57E5800668CF9 /* Bowl.cpp */; };
		230676C928F5803F00668CF9 /* Bottle.cpp in Sources */ = {isa = PBXBuildFile; fileRef = 230676C728F5803F00668CF9 /* Bottle.cpp */; };
		230676CE28F58B1E00668CF9 /* Product.cpp in Sources */ = {isa = PBXBuildFile; fileRef = 230676CD28F58B1E00668CF9 /* Product.cpp */; };
		230676D428F64F7F00668CF9 /* ShapeCache.cpp in Sources */ = {isa = PBXBuildFile; fileRef = 230676D228F64F7F00668CF9 /* ShapeCache.cpp */; };
		230676DA28F64F9300668CF9 /* Shape.cpp in Sources */ = {isa = PBXBuildFile; fileRef = 230676D828F64F9300668CF9 /* Shape.cpp */; };
		230676DE28F64FA000668CF9 /* Circle.cpp in Sources */ = {isa = PBXBuildFile; fileRef = 230676DC28F64FA000668CF9 /* Circle.cpp */; };
		230676E228F64FAD00668CF9 /* Square.cpp in Sources */ = {isa = PBXBuildFile; fileRef = 230676E028F64FAD00668CF9 /* Square.cpp */; };
		230676E628F64FBB00668CF9 /* Rectangle.cpp in Sources */ = {isa = PBXBuildFile; fileRef = 230676E428F64FBB00668CF9 /* Rectangle.cpp */; };
		230676EC28F6693B00668CF9 /* VideoAdapter.cpp in Sources */ = {isa = PBXBuildFile; fileRef = 230676EA28F6693B00668CF9 /* VideoAdapter.cpp */; };
		230676F128F6696B00668CF9 /* MediaPlayer.cpp in Sources */ = {isa = PBXBuildFile; fileRef = 230676EF28F6696B00668CF9 /* MediaPlayer.cpp */; };
		230676F628F6697A00668CF9 /* AudioPlayer.cpp in Sources */ = {isa = PBXBuildFile; fileRef = 230676F428F6697A00668CF9 /* AudioPlayer.cpp */; };
		230676FA28F6698A00668CF9 /* VideoPlayer.cpp in Sources */ = {isa = PBXBuildFile; fileRef = 230676F828F6698A00668CF9 /* VideoPlayer.cpp */; };
		2306770428F669B700668CF9 /* MovVideoPlayer.cpp in Sources */ = {isa = PBXBuildFile; fileRef = 2306770228F669B700668CF9 /* MovVideoPlayer.cpp */; };
		2306770828F669CB00668CF9 /* AviVideoPlayer.cpp in Sources */ = {isa = PBXBuildFile; fileRef = 2306770628F669CB00668CF9 /* AviVideoPlayer.cpp */; };
		2306772F28F6B6B300668CF9 /* Artist.cpp in Sources */ = {isa = PBXBuildFile; fileRef = 2306772D28F6B6B200668CF9 /* Artist.cpp */; };
		2306773628F6B6E500668CF9 /* Shape.cpp in Sources */ = {isa = PBXBuildFile; fileRef = 2306773428F6B6E500668CF9 /* Shape.cpp */; };
		2306773A28F6B70300668CF9 /* Circle.cpp in Sources */ = {isa = PBXBuildFile; fileRef = 2306773828F6B70300668CF9 /* Circle.cpp */; };
		2306773E28F6B71200668CF9 /* Rectangle.cpp in Sources */ = {isa = PBXBuildFile; fileRef = 2306773C28F6B71200668CF9 /* Rectangle.cpp */; };
		2306774628F6B77800668CF9 /* DrawRedCircleApi.cpp in Sources */ = {isa = PBXBuildFile; fileRef = 2306774428F6B77800668CF9 /* DrawRedCircleApi.cpp */; };
		2306775528F6BCF700668CF9 /* DrawRedRectangleApi.cpp in Sources */ = {isa = PBXBuildFile; fileRef = 2306775328F6BCF700668CF9 /* DrawRedRectangleApi.cpp */; };
		2306775928F6BD0B00668CF9 /* DrawGreenRectangleApi.cpp in Sources */ = {isa = PBXBuildFile; fileRef = 2306775728F6BD0B00668CF9 /* DrawGreenRectangleApi.cpp */; };
		2306775E28F6CC4500668CF9 /* Employee.cpp in Sources */ = {isa = PBXBuildFile; fileRef = 2306775C28F6CC4500668CF9 /* Employee.cpp */; };
		2306776328F6CD7100668CF9 /* Company.cpp in Sources */ = {isa = PBXBuildFile; fileRef = 2306776128F6CD7100668CF9 /* Company.cpp */; };
		2306776A28F6E04800668CF9 /* Artist.cpp in Sources */ = {isa = PBXBuildFile; fileRef = 2306776828F6E04800668CF9 /* Artist.cpp */; };
		2306777328F6E07F00668CF9 /* Circle.cpp in Sources */ = {isa = PBXBuildFile; fileRef = 2306777128F6E07F00668CF9 /* Circle.cpp */; };
		2306777728F6E08E00668CF9 /* Rectangle.cpp in Sources */ = {isa = PBXBuildFile; fileRef = 2306777528F6E08E00668CF9 /* Rectangle.cpp */; };
		2306777B28F6E0A800668CF9 /* ShapeDecorator.cpp in Sources */ = {isa = PBXBuildFile; fileRef = 2306777928F6E0A800668CF9 /* ShapeDecorator.cpp */; };
		2306777F28F6E0B500668CF9 /* RedShapeDecorator.cpp in Sources */ = {isa = PBXBuildFile; fileRef = 2306777D28F6E0B500668CF9 /* RedShapeDecorator.cpp */; };
		2306779328F7A6D700668CF9 /* Circle.cpp in Sources */ = {isa = PBXBuildFile; fileRef = 2306779128F7A6D700668CF9 /* Circle.cpp */; };
		2306779728F7A6E200668CF9 /* Square.cpp in Sources */ = {isa = PBXBuildFile; fileRef = 2306779528F7A6E200668CF9 /* Square.cpp */; };
		2306779B28F7A6EF00668CF9 /* Rectangle.cpp in Sources */ = {isa = PBXBuildFile; fileRef = 2306779928F7A6EF00668CF9 /* Rectangle.cpp */; };
		2306779F28F7A6FD00668CF9 /* ShapeMaker.cpp in Sources */ = {isa = PBXBuildFile; fileRef = 2306779D28F7A6FD00668CF9 /* ShapeMaker.cpp */; };
		230677B428F7B14800668CF9 /* ShapeFactory.cpp in Sources */ = {isa = PBXBuildFile; fileRef = 230677B228F7B14800668CF9 /* ShapeFactory.cpp */; };
		230677C028F7B17000668CF9 /* Circle.cpp in Sources */ = {isa = PBXBuildFile; fileRef = 230677BE28F7B17000668CF9 /* Circle.cpp */; };
		230677C528F7B20A00668CF9 /* RedCircle.cpp in Sources */ = {isa = PBXBuildFile; fileRef = 230677C328F7B20A00668CF9 /* RedCircle.cpp */; };
		230677C928F7B21700668CF9 /* GreenCircle.cpp in Sources */ = {isa = PBXBuildFile; fileRef = 230677C728F7B21700668CF9 /* GreenCircle.cpp */; };
		230677CD28F7B22300668CF9 /* BlueCircle.cpp in Sources */ = {isa = PBXBuildFile; fileRef = 230677CB28F7B22300668CF9 /* BlueCircle.cpp */; };
		230677D328F7C86600668CF9 /* ImageManager.cpp in Sources */ = {isa = PBXBuildFile; fileRef = 230677D128F7C86600668CF9 /* ImageManager.cpp */; };
		230677D828F7DC5A00668CF9 /* Image.cpp in Sources */ = {isa = PBXBuildFile; fileRef = 230677D628F7DC5A00668CF9 /* Image.cpp */; };
		230677DC28F7DC6800668CF9 /* RealImage.cpp in Sources */ = {isa = PBXBuildFile; fileRef = 230677DA28F7DC6800668CF9 /* RealImage.cpp */; };
		230677E028F7DC9000668CF9 /* ProxyImage.cpp in Sources */ = {isa = PBXBuildFile; fileRef = 230677DE28F7DC9000668CF9 /* ProxyImage.cpp */; };
		230677E528F7E86A00668CF9 /* LogPrinter.cpp in Sources */ = {isa = PBXBuildFile; fileRef = 230677E328F7E86A00668CF9 /* LogPrinter.cpp */; };
		230677EA28F7E87D00668CF9 /* Log.cpp in Sources */ = {isa = PBXBuildFile; fileRef = 230677E828F7E87D00668CF9 /* Log.cpp */; };
		230677EF28F7E89200668CF9 /* NormalLog.cpp in Sources */ = {isa = PBXBuildFile; fileRef = 230677ED28F7E89200668CF9 /* NormalLog.cpp */; };
		230677F328F7E89D00668CF9 /* WarnLog.cpp in Sources */ = {isa = PBXBuildFile; fileRef = 230677F128F7E89D00668CF9 /* WarnLog.cpp */; };
		230677F728F7E8A800668CF9 /* ErrorLog.cpp in Sources */ = {isa = PBXBuildFile; fileRef = 230677F528F7E8A800668CF9 /* ErrorLog.cpp */; };
		2306782F28F8196100668CF9 /* MarketManager.cpp in Sources */ = {isa = PBXBuildFile; fileRef = 2306782D28F8196100668CF9 /* MarketManager.cpp */; };
		2306783428F8197000668CF9 /* OrderSystem.cpp in Sources */ = {isa = PBXBuildFile; fileRef = 2306783228F8197000668CF9 /* OrderSystem.cpp */; };
		2306783A28F819B000668CF9 /* Product.cpp in Sources */ = {isa = PBXBuildFile; fileRef = 2306783828F819B000668CF9 /* Product.cpp */; };
		2306783F28F819BA00668CF9 /* Bread.cpp in Sources */ = {isa = PBXBuildFile; fileRef = 2306783D28F819BA00668CF9 /* Bread.cpp */; };
		2306784328F819C300668CF9 /* Mike.cpp in Sources */ = {isa = PBXBuildFile; fileRef = 2306784128F819C300668CF9 /* Mike.cpp */; };
		2306784B28F819DC00668CF9 /* BuyOrder.cpp in Sources */ = {isa = PBXBuildFile; fileRef = 2306784928F819DC00668CF9 /* BuyOrder.cpp */; };
		2306784F28F819E700668CF9 /* SellOrder.cpp in Sources */ = {isa = PBXBuildFile; fileRef = 2306784D28F819E700668CF9 /* SellOrder.cpp */; };
		2306785F28F8F78E00668CF9 /* Calculator.cpp in Sources */ = {isa = PBXBuildFile; fileRef = 2306785D28F8F78E00668CF9 /* Calculator.cpp */; };
		2306786728F8F7E400668CF9 /* TerminalExpression.cpp in Sources */ = {isa = PBXBuildFile; fileRef = 2306786528F8F7E400668CF9 /* TerminalExpression.cpp */; };
		2306786B28F8F7F400668CF9 /* AddExpression.cpp in Sources */ = {isa = PBXBuildFile; fileRef = 2306786928F8F7F400668CF9 /* AddExpression.cpp */; };
		2306786F28F8F80700668CF9 /* SubExpression.cpp in Sources */ = {isa = PBXBuildFile; fileRef = 2306786D28F8F80700668CF9 /* SubExpression.cpp */; };
		2306787528F9084400668CF9 /* Container.cpp in Sources */ = {isa = PBXBuildFile; fileRef = 2306787328F9084400668CF9 /* Container.cpp */; };
		2306787928F90E3A00668CF9 /* Iterator.cpp in Sources */ = {isa = PBXBuildFile; fileRef = 2306787728F90E3A00668CF9 /* Iterator.cpp */; };
		2306787D28F913F100668CF9 /* ContainerTester.cpp in Sources */ = {isa = PBXBuildFile; fileRef = 2306787B28F913F100668CF9 /* ContainerTester.cpp */; };
		2306788228F930DF00668CF9 /* User.cpp in Sources */ = {isa = PBXBuildFile; fileRef = 2306788028F930DE00668CF9 /* User.cpp */; };
		2306788728F930EC00668CF9 /* ChatRoom.cpp in Sources */ = {isa = PBXBuildFile; fileRef = 2306788528F930EC00668CF9 /* ChatRoom.cpp */; };
		2306788B28F930FC00668CF9 /* ChatSoftware.cpp in Sources */ = {isa = PBXBuildFile; fileRef = 2306788928F930FC00668CF9 /* ChatSoftware.cpp */; };
		23672DBA290A8D7100489020 /* TextEditor.cpp in Sources */ = {isa = PBXBuildFile; fileRef = 23672DB8290A8D7100489020 /* TextEditor.cpp */; };
		23672DBF290A8D8000489020 /* Memento.cpp in Sources */ = {isa = PBXBuildFile; fileRef = 23672DBD290A8D8000489020 /* Memento.cpp */; };
		23672DC3290A8D9200489020 /* MementoManager.cpp in Sources */ = {isa = PBXBuildFile; fileRef = 23672DC1290A8D9200489020 /* MementoManager.cpp */; };
		23672DC8290AA23800489020 /* Object.cpp in Sources */ = {isa = PBXBuildFile; fileRef = 23672DC6290AA23800489020 /* Object.cpp */; };
		23672DD2290AA7D400489020 /* StandObserver.cpp in Sources */ = {isa = PBXBuildFile; fileRef = 23672DD0290AA7D400489020 /* StandObserver.cpp */; };
		23672DD6290AA7FF00489020 /* CrouchObserver.cpp in Sources */ = {isa = PBXBuildFile; fileRef = 23672DD4290AA7FF00489020 /* CrouchObserver.cpp */; };
		23672DDA290AA80E00489020 /* WalkObserver.cpp in Sources */ = {isa = PBXBuildFile; fileRef = 23672DD8290AA80E00489020 /* WalkObserver.cpp */; };
		23672DDE290AA82000489020 /* RunObserver.cpp in Sources */ = {isa = PBXBuildFile; fileRef = 23672DDC290AA82000489020 /* RunObserver.cpp */; };
		23672DE3290AAE9500489020 /* Director.cpp in Sources */ = {isa = PBXBuildFile; fileRef = 23672DE1290AAE9500489020 /* Director.cpp */; };
/* End PBXBuildFile section */

/* Begin PBXCopyFilesBuildPhase section */
		2306763B28F5219F00668CF9 /* CopyFiles */ = {
			isa = PBXCopyFilesBuildPhase;
			buildActionMask = 2147483647;
			dstPath = /usr/share/man/man1/;
			dstSubfolderSpec = 0;
			files = (
			);
			runOnlyForDeploymentPostprocessing = 1;
		};
/* End PBXCopyFilesBuildPhase section */

/* Begin PBXFileReference section */
		2306763D28F5219F00668CF9 /* DesignPatternDemo */ = {isa = PBXFileReference; explicitFileType = "compiled.mach-o.executable"; includeInIndex = 0; path = DesignPatternDemo; sourceTree = BUILT_PRODUCTS_DIR; };
		2306764028F5219F00668CF9 /* main.cpp */ = {isa = PBXFileReference; lastKnownFileType = sourcecode.cpp.cpp; path = main.cpp; sourceTree = "<group>"; };
		2306764928F5398500668CF9 /* ShapeFactory.cpp */ = {isa = PBXFileReference; lastKnownFileType = sourcecode.cpp.cpp; path = ShapeFactory.cpp; sourceTree = "<group>"; };
		2306764A28F5398500668CF9 /* ShapeFactory.hpp */ = {isa = PBXFileReference; lastKnownFileType = sourcecode.cpp.h; path = ShapeFactory.hpp; sourceTree = "<group>"; };
		2306764E28F539AE00668CF9 /* Shape.cpp */ = {isa = PBXFileReference; lastKnownFileType = sourcecode.cpp.cpp; path = Shape.cpp; sourceTree = "<group>"; };
		2306764F28F539AE00668CF9 /* Shape.hpp */ = {isa = PBXFileReference; lastKnownFileType = sourcecode.cpp.h; path = Shape.hpp; sourceTree = "<group>"; };
		2306765228F539B900668CF9 /* Circle.cpp */ = {isa = PBXFileReference; lastKnownFileType = sourcecode.cpp.cpp; path = Circle.cpp; sourceTree = "<group>"; };
		2306765328F539B900668CF9 /* Circle.hpp */ = {isa = PBXFileReference; lastKnownFileType = sourcecode.cpp.h; path = Circle.hpp; sourceTree = "<group>"; };
		2306765628F539CA00668CF9 /* Square.cpp */ = {isa = PBXFileReference; lastKnownFileType = sourcecode.cpp.cpp; path = Square.cpp; sourceTree = "<group>"; };
		2306765728F539CA00668CF9 /* Square.hpp */ = {isa = PBXFileReference; lastKnownFileType = sourcecode.cpp.h; path = Square.hpp; sourceTree = "<group>"; };
		2306765A28F539DE00668CF9 /* Rectangle.cpp */ = {isa = PBXFileReference; lastKnownFileType = sourcecode.cpp.cpp; path = Rectangle.cpp; sourceTree = "<group>"; };
		2306765B28F539DE00668CF9 /* Rectangle.hpp */ = {isa = PBXFileReference; lastKnownFileType = sourcecode.cpp.h; path = Rectangle.hpp; sourceTree = "<group>"; };
		2306766128F547FC00668CF9 /* FactoryManager.cpp */ = {isa = PBXFileReference; lastKnownFileType = sourcecode.cpp.cpp; path = FactoryManager.cpp; sourceTree = "<group>"; };
		2306766228F547FC00668CF9 /* FactoryManager.hpp */ = {isa = PBXFileReference; lastKnownFileType = sourcecode.cpp.h; path = FactoryManager.hpp; sourceTree = "<group>"; };
		2306766A28F5497100668CF9 /* AbstractFactory.hpp */ = {isa = PBXFileReference; lastKnownFileType = sourcecode.cpp.h; path = AbstractFactory.hpp; sourceTree = "<group>"; };
		2306766D28F5498300668CF9 /* ShapeFactory.cpp */ = {isa = PBXFileReference; lastKnownFileType = sourcecode.cpp.cpp; path = ShapeFactory.cpp; sourceTree = "<group>"; };
		2306766E28F5498300668CF9 /* ShapeFactory.hpp */ = {isa = PBXFileReference; lastKnownFileType = sourcecode.cpp.h; path = ShapeFactory.hpp; sourceTree = "<group>"; };
		2306767128F5499C00668CF9 /* ColorFactory.cpp */ = {isa = PBXFileReference; lastKnownFileType = sourcecode.cpp.cpp; path = ColorFactory.cpp; sourceTree = "<group>"; };
		2306767228F5499C00668CF9 /* ColorFactory.hpp */ = {isa = PBXFileReference; lastKnownFileType = sourcecode.cpp.h; path = ColorFactory.hpp; sourceTree = "<group>"; };
		2306767528F549AD00668CF9 /* Shape.cpp */ = {isa = PBXFileReference; lastKnownFileType = sourcecode.cpp.cpp; path = Shape.cpp; sourceTree = "<group>"; };
		2306767628F549AD00668CF9 /* Shape.hpp */ = {isa = PBXFileReference; lastKnownFileType = sourcecode.cpp.h; path = Shape.hpp; sourceTree = "<group>"; };
		2306767928F549BE00668CF9 /* Circle.cpp */ = {isa = PBXFileReference; lastKnownFileType = sourcecode.cpp.cpp; path = Circle.cpp; sourceTree = "<group>"; };
		2306767A28F549BE00668CF9 /* Circle.hpp */ = {isa = PBXFileReference; lastKnownFileType = sourcecode.cpp.h; path = Circle.hpp; sourceTree = "<group>"; };
		2306767D28F549CA00668CF9 /* Square.cpp */ = {isa = PBXFileReference; lastKnownFileType = sourcecode.cpp.cpp; path = Square.cpp; sourceTree = "<group>"; };
		2306767E28F549CA00668CF9 /* Square.hpp */ = {isa = PBXFileReference; lastKnownFileType = sourcecode.cpp.h; path = Square.hpp; sourceTree = "<group>"; };
		2306768128F549DB00668CF9 /* Rectangle.cpp */ = {isa = PBXFileReference; lastKnownFileType = sourcecode.cpp.cpp; path = Rectangle.cpp; sourceTree = "<group>"; };
		2306768228F549DB00668CF9 /* Rectangle.hpp */ = {isa = PBXFileReference; lastKnownFileType = sourcecode.cpp.h; path = Rectangle.hpp; sourceTree = "<group>"; };
		2306768528F549ED00668CF9 /* Color.cpp */ = {isa = PBXFileReference; lastKnownFileType = sourcecode.cpp.cpp; path = Color.cpp; sourceTree = "<group>"; };
		2306768628F549ED00668CF9 /* Color.hpp */ = {isa = PBXFileReference; lastKnownFileType = sourcecode.cpp.h; path = Color.hpp; sourceTree = "<group>"; };
		2306768928F54A0900668CF9 /* Red.cpp */ = {isa = PBXFileReference; lastKnownFileType = sourcecode.cpp.cpp; path = Red.cpp; sourceTree = "<group>"; };
		2306768A28F54A0900668CF9 /* Red.hpp */ = {isa = PBXFileReference; lastKnownFileType = sourcecode.cpp.h; path = Red.hpp; sourceTree = "<group>"; };
		2306768E28F54A1400668CF9 /* Green.cpp */ = {isa = PBXFileReference; lastKnownFileType = sourcecode.cpp.cpp; path = Green.cpp; sourceTree = "<group>"; };
		2306768F28F54A1400668CF9 /* Green.hpp */ = {isa = PBXFileReference; lastKnownFileType = sourcecode.cpp.h; path = Green.hpp; sourceTree = "<group>"; };
		2306769228F54A1E00668CF9 /* Blue.cpp */ = {isa = PBXFileReference; lastKnownFileType = sourcecode.cpp.cpp; path = Blue.cpp; sourceTree = "<group>"; };
		2306769328F54A1E00668CF9 /* Blue.hpp */ = {isa = PBXFileReference; lastKnownFileType = sourcecode.cpp.h; path = Blue.hpp; sourceTree = "<group>"; };
		2306769828F56F9100668CF9 /* Singleton.cpp */ = {isa = PBXFileReference; lastKnownFileType = sourcecode.cpp.cpp; path = Singleton.cpp; sourceTree = "<group>"; };
		2306769928F56F9100668CF9 /* Singleton.hpp */ = {isa = PBXFileReference; lastKnownFileType = sourcecode.cpp.h; path = Singleton.hpp; sourceTree = "<group>"; };
		2306769D28F578A200668CF9 /* MealBuilder.cpp */ = {isa = PBXFileReference; lastKnownFileType = sourcecode.cpp.cpp; path = MealBuilder.cpp; sourceTree = "<group>"; };
		2306769E28F578A200668CF9 /* MealBuilder.hpp */ = {isa = PBXFileReference; lastKnownFileType = sourcecode.cpp.h; path = MealBuilder.hpp; sourceTree = "<group>"; };
		230676A128F578B300668CF9 /* Meal.cpp */ = {isa = PBXFileReference; lastKnownFileType = sourcecode.cpp.cpp; path = Meal.cpp; sourceTree = "<group>"; };
		230676A228F578B400668CF9 /* Meal.hpp */ = {isa = PBXFileReference; lastKnownFileType = sourcecode.cpp.h; path = Meal.hpp; sourceTree = "<group>"; };
		230676A828F5791900668CF9 /* Product.hpp */ = {isa = PBXFileReference; lastKnownFileType = sourcecode.cpp.h; path = Product.hpp; sourceTree = "<group>"; };
		230676AE28F5794700668CF9 /* Rice.cpp */ = {isa = PBXFileReference; lastKnownFileType = sourcecode.cpp.cpp; path = Rice.cpp; sourceTree = "<group>"; };
		230676AF28F5794700668CF9 /* Rice.hpp */ = {isa = PBXFileReference; lastKnownFileType = sourcecode.cpp.h; path = Rice.hpp; sourceTree = "<group>"; };
		230676B328F5795100668CF9 /* Noodle.cpp */ = {isa = PBXFileReference; lastKnownFileType = sourcecode.cpp.cpp; path = Noodle.cpp; sourceTree = "<group>"; };
		230676B428F5795100668CF9 /* Noodle.hpp */ = {isa = PBXFileReference; lastKnownFileType = sourcecode.cpp.h; path = Noodle.hpp; sourceTree = "<group>"; };
		230676B728F5795E00668CF9 /* Beer.cpp */ = {isa = PBXFileReference; lastKnownFileType = sourcecode.cpp.cpp; path = Beer.cpp; sourceTree = "<group>"; };
		230676B828F5795E00668CF9 /* Beer.hpp */ = {isa = PBXFileReference; lastKnownFileType = sourcecode.cpp.h; path = Beer.hpp; sourceTree = "<group>"; };
		230676BB28F5796A00668CF9 /* Mike.cpp */ = {isa = PBXFileReference; lastKnownFileType = sourcecode.cpp.cpp; path = Mike.cpp; sourceTree = "<group>"; };
		230676BC28F5796A00668CF9 /* Mike.hpp */ = {isa = PBXFileReference; lastKnownFileType = sourcecode.cpp.h; path = Mike.hpp; sourceTree = "<group>"; };
		230676C028F5797600668CF9 /* Packing.hpp */ = {isa = PBXFileReference; lastKnownFileType = sourcecode.cpp.h; path = Packing.hpp; sourceTree = "<group>"; };
		230676C328F57E5800668CF9 /* Bowl.cpp */ = {isa = PBXFileReference; lastKnownFileType = sourcecode.cpp.cpp; path = Bowl.cpp; sourceTree = "<group>"; };
		230676C428F57E5800668CF9 /* Bowl.hpp */ = {isa = PBXFileReference; lastKnownFileType = sourcecode.cpp.h; path = Bowl.hpp; sourceTree = "<group>"; };
		230676C728F5803F00668CF9 /* Bottle.cpp */ = {isa = PBXFileReference; lastKnownFileType = sourcecode.cpp.cpp; path = Bottle.cpp; sourceTree = "<group>"; };
		230676C828F5803F00668CF9 /* Bottle.hpp */ = {isa = PBXFileReference; lastKnownFileType = sourcecode.cpp.h; path = Bottle.hpp; sourceTree = "<group>"; };
		230676CD28F58B1E00668CF9 /* Product.cpp */ = {isa = PBXFileReference; lastKnownFileType = sourcecode.cpp.cpp; path = Product.cpp; sourceTree = "<group>"; };
		230676D228F64F7F00668CF9 /* ShapeCache.cpp */ = {isa = PBXFileReference; lastKnownFileType = sourcecode.cpp.cpp; path = ShapeCache.cpp; sourceTree = "<group>"; };
		230676D328F64F7F00668CF9 /* ShapeCache.hpp */ = {isa = PBXFileReference; lastKnownFileType = sourcecode.cpp.h; path = ShapeCache.hpp; sourceTree = "<group>"; };
		230676D828F64F9300668CF9 /* Shape.cpp */ = {isa = PBXFileReference; lastKnownFileType = sourcecode.cpp.cpp; path = Shape.cpp; sourceTree = "<group>"; };
		230676D928F64F9300668CF9 /* Shape.hpp */ = {isa = PBXFileReference; lastKnownFileType = sourcecode.cpp.h; path = Shape.hpp; sourceTree = "<group>"; };
		230676DC28F64FA000668CF9 /* Circle.cpp */ = {isa = PBXFileReference; lastKnownFileType = sourcecode.cpp.cpp; path = Circle.cpp; sourceTree = "<group>"; };
		230676DD28F64FA000668CF9 /* Circle.hpp */ = {isa = PBXFileReference; lastKnownFileType = sourcecode.cpp.h; path = Circle.hpp; sourceTree = "<group>"; };
		230676E028F64FAD00668CF9 /* Square.cpp */ = {isa = PBXFileReference; lastKnownFileType = sourcecode.cpp.cpp; path = Square.cpp; sourceTree = "<group>"; };
		230676E128F64FAD00668CF9 /* Square.hpp */ = {isa = PBXFileReference; lastKnownFileType = sourcecode.cpp.h; path = Square.hpp; sourceTree = "<group>"; };
		230676E428F64FBB00668CF9 /* Rectangle.cpp */ = {isa = PBXFileReference; lastKnownFileType = sourcecode.cpp.cpp; path = Rectangle.cpp; sourceTree = "<group>"; };
		230676E528F64FBB00668CF9 /* Rectangle.hpp */ = {isa = PBXFileReference; lastKnownFileType = sourcecode.cpp.h; path = Rectangle.hpp; sourceTree = "<group>"; };
		230676EA28F6693B00668CF9 /* VideoAdapter.cpp */ = {isa = PBXFileReference; lastKnownFileType = sourcecode.cpp.cpp; path = VideoAdapter.cpp; sourceTree = "<group>"; };
		230676EB28F6693B00668CF9 /* VideoAdapter.hpp */ = {isa = PBXFileReference; lastKnownFileType = sourcecode.cpp.h; path = VideoAdapter.hpp; sourceTree = "<group>"; };
		230676EF28F6696B00668CF9 /* MediaPlayer.cpp */ = {isa = PBXFileReference; lastKnownFileType = sourcecode.cpp.cpp; path = MediaPlayer.cpp; sourceTree = "<group>"; };
		230676F028F6696B00668CF9 /* MediaPlayer.hpp */ = {isa = PBXFileReference; lastKnownFileType = sourcecode.cpp.h; path = MediaPlayer.hpp; sourceTree = "<group>"; };
		230676F428F6697A00668CF9 /* AudioPlayer.cpp */ = {isa = PBXFileReference; lastKnownFileType = sourcecode.cpp.cpp; path = AudioPlayer.cpp; sourceTree = "<group>"; };
		230676F528F6697A00668CF9 /* AudioPlayer.hpp */ = {isa = PBXFileReference; lastKnownFileType = sourcecode.cpp.h; path = AudioPlayer.hpp; sourceTree = "<group>"; };
		230676F828F6698A00668CF9 /* VideoPlayer.cpp */ = {isa = PBXFileReference; lastKnownFileType = sourcecode.cpp.cpp; path = VideoPlayer.cpp; sourceTree = "<group>"; };
		230676F928F6698A00668CF9 /* VideoPlayer.hpp */ = {isa = PBXFileReference; lastKnownFileType = sourcecode.cpp.h; path = VideoPlayer.hpp; sourceTree = "<group>"; };
		230676FE28F669A600668CF9 /* AdvanceVideoPlayer.hpp */ = {isa = PBXFileReference; lastKnownFileType = sourcecode.cpp.h; path = AdvanceVideoPlayer.hpp; sourceTree = "<group>"; };
		2306770228F669B700668CF9 /* MovVideoPlayer.cpp */ = {isa = PBXFileReference; lastKnownFileType = sourcecode.cpp.cpp; path = MovVideoPlayer.cpp; sourceTree = "<group>"; };
		2306770328F669B700668CF9 /* MovVideoPlayer.hpp */ = {isa = PBXFileReference; lastKnownFileType = sourcecode.cpp.h; path = MovVideoPlayer.hpp; sourceTree = "<group>"; };
		2306770628F669CB00668CF9 /* AviVideoPlayer.cpp */ = {isa = PBXFileReference; lastKnownFileType = sourcecode.cpp.cpp; path = AviVideoPlayer.cpp; sourceTree = "<group>"; };
		2306770728F669CB00668CF9 /* AviVideoPlayer.hpp */ = {isa = PBXFileReference; lastKnownFileType = sourcecode.cpp.h; path = AviVideoPlayer.hpp; sourceTree = "<group>"; };
		2306772D28F6B6B200668CF9 /* Artist.cpp */ = {isa = PBXFileReference; lastKnownFileType = sourcecode.cpp.cpp; path = Artist.cpp; sourceTree = "<group>"; };
		2306772E28F6B6B200668CF9 /* Artist.hpp */ = {isa = PBXFileReference; lastKnownFileType = sourcecode.cpp.h; path = Artist.hpp; sourceTree = "<group>"; };
		2306773428F6B6E500668CF9 /* Shape.cpp */ = {isa = PBXFileReference; lastKnownFileType = sourcecode.cpp.cpp; path = Shape.cpp; sourceTree = "<group>"; };
		2306773528F6B6E500668CF9 /* Shape.hpp */ = {isa = PBXFileReference; lastKnownFileType = sourcecode.cpp.h; path = Shape.hpp; sourceTree = "<group>"; };
		2306773828F6B70300668CF9 /* Circle.cpp */ = {isa = PBXFileReference; lastKnownFileType = sourcecode.cpp.cpp; path = Circle.cpp; sourceTree = "<group>"; };
		2306773928F6B70300668CF9 /* Circle.hpp */ = {isa = PBXFileReference; lastKnownFileType = sourcecode.cpp.h; path = Circle.hpp; sourceTree = "<group>"; };
		2306773C28F6B71200668CF9 /* Rectangle.cpp */ = {isa = PBXFileReference; lastKnownFileType = sourcecode.cpp.cpp; path = Rectangle.cpp; sourceTree = "<group>"; };
		2306773D28F6B71200668CF9 /* Rectangle.hpp */ = {isa = PBXFileReference; lastKnownFileType = sourcecode.cpp.h; path = Rectangle.hpp; sourceTree = "<group>"; };
		2306774128F6B76400668CF9 /* DrawApi.hpp */ = {isa = PBXFileReference; lastKnownFileType = sourcecode.cpp.h; path = DrawApi.hpp; sourceTree = "<group>"; };
		2306774428F6B77800668CF9 /* DrawRedCircleApi.cpp */ = {isa = PBXFileReference; lastKnownFileType = sourcecode.cpp.cpp; path = DrawRedCircleApi.cpp; sourceTree = "<group>"; };
		2306774528F6B77800668CF9 /* DrawRedCircleApi.hpp */ = {isa = PBXFileReference; lastKnownFileType = sourcecode.cpp.h; path = DrawRedCircleApi.hpp; sourceTree = "<group>"; };
		2306775328F6BCF700668CF9 /* DrawRedRectangleApi.cpp */ = {isa = PBXFileReference; lastKnownFileType = sourcecode.cpp.cpp; path = DrawRedRectangleApi.cpp; sourceTree = "<group>"; };
		2306775428F6BCF700668CF9 /* DrawRedRectangleApi.hpp */ = {isa = PBXFileReference; lastKnownFileType = sourcecode.cpp.h; path = DrawRedRectangleApi.hpp; sourceTree = "<group>"; };
		2306775728F6BD0B00668CF9 /* DrawGreenRectangleApi.cpp */ = {isa = PBXFileReference; lastKnownFileType = sourcecode.cpp.cpp; path = DrawGreenRectangleApi.cpp; sourceTree = "<group>"; };
		2306775828F6BD0B00668CF9 /* DrawGreenRectangleApi.hpp */ = {isa = PBXFileReference; lastKnownFileType = sourcecode.cpp.h; path = DrawGreenRectangleApi.hpp; sourceTree = "<group>"; };
		2306775C28F6CC4500668CF9 /* Employee.cpp */ = {isa = PBXFileReference; lastKnownFileType = sourcecode.cpp.cpp; path = Employee.cpp; sourceTree = "<group>"; };
		2306775D28F6CC4500668CF9 /* Employee.hpp */ = {isa = PBXFileReference; lastKnownFileType = sourcecode.cpp.h; path = Employee.hpp; sourceTree = "<group>"; };
		2306776128F6CD7100668CF9 /* Company.cpp */ = {isa = PBXFileReference; lastKnownFileType = sourcecode.cpp.cpp; path = Company.cpp; sourceTree = "<group>"; };
		2306776228F6CD7100668CF9 /* Company.hpp */ = {isa = PBXFileReference; lastKnownFileType = sourcecode.cpp.h; path = Company.hpp; sourceTree = "<group>"; };
		2306776828F6E04800668CF9 /* Artist.cpp */ = {isa = PBXFileReference; lastKnownFileType = sourcecode.cpp.cpp; path = Artist.cpp; sourceTree = "<group>"; };
		2306776928F6E04800668CF9 /* Artist.hpp */ = {isa = PBXFileReference; lastKnownFileType = sourcecode.cpp.h; path = Artist.hpp; sourceTree = "<group>"; };
		2306776E28F6E07200668CF9 /* Shape.hpp */ = {isa = PBXFileReference; lastKnownFileType = sourcecode.cpp.h; path = Shape.hpp; sourceTree = "<group>"; };
		2306777128F6E07F00668CF9 /* Circle.cpp */ = {isa = PBXFileReference; lastKnownFileType = sourcecode.cpp.cpp; path = Circle.cpp; sourceTree = "<group>"; };
		2306777228F6E07F00668CF9 /* Circle.hpp */ = {isa = PBXFileReference; lastKnownFileType = sourcecode.cpp.h; path = Circle.hpp; sourceTree = "<group>"; };
		2306777528F6E08E00668CF9 /* Rectangle.cpp */ = {isa = PBXFileReference; lastKnownFileType = sourcecode.cpp.cpp; path = Rectangle.cpp; sourceTree = "<group>"; };
		2306777628F6E08E00668CF9 /* Rectangle.hpp */ = {isa = PBXFileReference; lastKnownFileType = sourcecode.cpp.h; path = Rectangle.hpp; sourceTree = "<group>"; };
		2306777928F6E0A800668CF9 /* ShapeDecorator.cpp */ = {isa = PBXFileReference; lastKnownFileType = sourcecode.cpp.cpp; path = ShapeDecorator.cpp; sourceTree = "<group>"; };
		2306777A28F6E0A800668CF9 /* ShapeDecorator.hpp */ = {isa = PBXFileReference; lastKnownFileType = sourcecode.cpp.h; path = ShapeDecorator.hpp; sourceTree = "<group>"; };
		2306777D28F6E0B500668CF9 /* RedShapeDecorator.cpp */ = {isa = PBXFileReference; lastKnownFileType = sourcecode.cpp.cpp; path = RedShapeDecorator.cpp; sourceTree = "<group>"; };
		2306777E28F6E0B500668CF9 /* RedShapeDecorator.hpp */ = {isa = PBXFileReference; lastKnownFileType = sourcecode.cpp.h; path = RedShapeDecorator.hpp; sourceTree = "<group>"; };
		2306778D28F7A6CD00668CF9 /* Shape.hpp */ = {isa = PBXFileReference; lastKnownFileType = sourcecode.cpp.h; path = Shape.hpp; sourceTree = "<group>"; };
		2306779128F7A6D700668CF9 /* Circle.cpp */ = {isa = PBXFileReference; lastKnownFileType = sourcecode.cpp.cpp; path = Circle.cpp; sourceTree = "<group>"; };
		2306779228F7A6D700668CF9 /* Circle.hpp */ = {isa = PBXFileReference; lastKnownFileType = sourcecode.cpp.h; path = Circle.hpp; sourceTree = "<group>"; };
		2306779528F7A6E200668CF9 /* Square.cpp */ = {isa = PBXFileReference; lastKnownFileType = sourcecode.cpp.cpp; path = Square.cpp; sourceTree = "<group>"; };
		2306779628F7A6E200668CF9 /* Square.hpp */ = {isa = PBXFileReference; lastKnownFileType = sourcecode.cpp.h; path = Square.hpp; sourceTree = "<group>"; };
		2306779928F7A6EF00668CF9 /* Rectangle.cpp */ = {isa = PBXFileReference; lastKnownFileType = sourcecode.cpp.cpp; path = Rectangle.cpp; sourceTree = "<group>"; };
		2306779A28F7A6EF00668CF9 /* Rectangle.hpp */ = {isa = PBXFileReference; lastKnownFileType = sourcecode.cpp.h; path = Rectangle.hpp; sourceTree = "<group>"; };
		2306779D28F7A6FD00668CF9 /* ShapeMaker.cpp */ = {isa = PBXFileReference; lastKnownFileType = sourcecode.cpp.cpp; path = ShapeMaker.cpp; sourceTree = "<group>"; };
		2306779E28F7A6FD00668CF9 /* ShapeMaker.hpp */ = {isa = PBXFileReference; lastKnownFileType = sourcecode.cpp.h; path = ShapeMaker.hpp; sourceTree = "<group>"; };
		230677B228F7B14800668CF9 /* ShapeFactory.cpp */ = {isa = PBXFileReference; lastKnownFileType = sourcecode.cpp.cpp; path = ShapeFactory.cpp; sourceTree = "<group>"; };
		230677B328F7B14800668CF9 /* ShapeFactory.hpp */ = {isa = PBXFileReference; lastKnownFileType = sourcecode.cpp.h; path = ShapeFactory.hpp; sourceTree = "<group>"; };
		230677B928F7B15F00668CF9 /* Shape.hpp */ = {isa = PBXFileReference; lastKnownFileType = sourcecode.cpp.h; path = Shape.hpp; sourceTree = "<group>"; };
		230677BE28F7B17000668CF9 /* Circle.cpp */ = {isa = PBXFileReference; lastKnownFileType = sourcecode.cpp.cpp; path = Circle.cpp; sourceTree = "<group>"; };
		230677BF28F7B17000668CF9 /* Circle.hpp */ = {isa = PBXFileReference; lastKnownFileType = sourcecode.cpp.h; path = Circle.hpp; sourceTree = "<group>"; };
		230677C328F7B20A00668CF9 /* RedCircle.cpp */ = {isa = PBXFileReference; lastKnownFileType = sourcecode.cpp.cpp; path = RedCircle.cpp; sourceTree = "<group>"; };
		230677C428F7B20A00668CF9 /* RedCircle.hpp */ = {isa = PBXFileReference; lastKnownFileType = sourcecode.cpp.h; path = RedCircle.hpp; sourceTree = "<group>"; };
		230677C728F7B21700668CF9 /* GreenCircle.cpp */ = {isa = PBXFileReference; lastKnownFileType = sourcecode.cpp.cpp; path = GreenCircle.cpp; sourceTree = "<group>"; };
		230677C828F7B21700668CF9 /* GreenCircle.hpp */ = {isa = PBXFileReference; lastKnownFileType = sourcecode.cpp.h; path = GreenCircle.hpp; sourceTree = "<group>"; };
		230677CB28F7B22300668CF9 /* BlueCircle.cpp */ = {isa = PBXFileReference; lastKnownFileType = sourcecode.cpp.cpp; path = BlueCircle.cpp; sourceTree = "<group>"; };
		230677CC28F7B22300668CF9 /* BlueCircle.hpp */ = {isa = PBXFileReference; lastKnownFileType = sourcecode.cpp.h; path = BlueCircle.hpp; sourceTree = "<group>"; };
		230677D128F7C86600668CF9 /* ImageManager.cpp */ = {isa = PBXFileReference; lastKnownFileType = sourcecode.cpp.cpp; path = ImageManager.cpp; sourceTree = "<group>"; };
		230677D228F7C86600668CF9 /* ImageManager.hpp */ = {isa = PBXFileReference; lastKnownFileType = sourcecode.cpp.h; path = ImageManager.hpp; sourceTree = "<group>"; };
		230677D628F7DC5A00668CF9 /* Image.cpp */ = {isa = PBXFileReference; lastKnownFileType = sourcecode.cpp.cpp; path = Image.cpp; sourceTree = "<group>"; };
		230677D728F7DC5A00668CF9 /* Image.hpp */ = {isa = PBXFileReference; lastKnownFileType = sourcecode.cpp.h; path = Image.hpp; sourceTree = "<group>"; };
		230677DA28F7DC6800668CF9 /* RealImage.cpp */ = {isa = PBXFileReference; lastKnownFileType = sourcecode.cpp.cpp; path = RealImage.cpp; sourceTree = "<group>"; };
		230677DB28F7DC6800668CF9 /* RealImage.hpp */ = {isa = PBXFileReference; lastKnownFileType = sourcecode.cpp.h; path = RealImage.hpp; sourceTree = "<group>"; };
		230677DE28F7DC9000668CF9 /* ProxyImage.cpp */ = {isa = PBXFileReference; lastKnownFileType = sourcecode.cpp.cpp; path = ProxyImage.cpp; sourceTree = "<group>"; };
		230677DF28F7DC9000668CF9 /* ProxyImage.hpp */ = {isa = PBXFileReference; lastKnownFileType = sourcecode.cpp.h; path = ProxyImage.hpp; sourceTree = "<group>"; };
		230677E328F7E86A00668CF9 /* LogPrinter.cpp */ = {isa = PBXFileReference; lastKnownFileType = sourcecode.cpp.cpp; path = LogPrinter.cpp; sourceTree = "<group>"; };
		230677E428F7E86A00668CF9 /* LogPrinter.hpp */ = {isa = PBXFileReference; lastKnownFileType = sourcecode.cpp.h; path = LogPrinter.hpp; sourceTree = "<group>"; };
		230677E828F7E87D00668CF9 /* Log.cpp */ = {isa = PBXFileReference; lastKnownFileType = sourcecode.cpp.cpp; path = Log.cpp; sourceTree = "<group>"; };
		230677E928F7E87D00668CF9 /* Log.hpp */ = {isa = PBXFileReference; lastKnownFileType = sourcecode.cpp.h; path = Log.hpp; sourceTree = "<group>"; };
		230677ED28F7E89200668CF9 /* NormalLog.cpp */ = {isa = PBXFileReference; lastKnownFileType = sourcecode.cpp.cpp; path = NormalLog.cpp; sourceTree = "<group>"; };
		230677EE28F7E89200668CF9 /* NormalLog.hpp */ = {isa = PBXFileReference; lastKnownFileType = sourcecode.cpp.h; path = NormalLog.hpp; sourceTree = "<group>"; };
		230677F128F7E89D00668CF9 /* WarnLog.cpp */ = {isa = PBXFileReference; lastKnownFileType = sourcecode.cpp.cpp; path = WarnLog.cpp; sourceTree = "<group>"; };
		230677F228F7E89D00668CF9 /* WarnLog.hpp */ = {isa = PBXFileReference; lastKnownFileType = sourcecode.cpp.h; path = WarnLog.hpp; sourceTree = "<group>"; };
		230677F528F7E8A800668CF9 /* ErrorLog.cpp */ = {isa = PBXFileReference; lastKnownFileType = sourcecode.cpp.cpp; path = ErrorLog.cpp; sourceTree = "<group>"; };
		230677F628F7E8A800668CF9 /* ErrorLog.hpp */ = {isa = PBXFileReference; lastKnownFileType = sourcecode.cpp.h; path = ErrorLog.hpp; sourceTree = "<group>"; };
		2306782D28F8196100668CF9 /* MarketManager.cpp */ = {isa = PBXFileReference; lastKnownFileType = sourcecode.cpp.cpp; path = MarketManager.cpp; sourceTree = "<group>"; };
		2306782E28F8196100668CF9 /* MarketManager.hpp */ = {isa = PBXFileReference; lastKnownFileType = sourcecode.cpp.h; path = MarketManager.hpp; sourceTree = "<group>"; };
		2306783228F8197000668CF9 /* OrderSystem.cpp */ = {isa = PBXFileReference; lastKnownFileType = sourcecode.cpp.cpp; path = OrderSystem.cpp; sourceTree = "<group>"; };
		2306783328F8197000668CF9 /* OrderSystem.hpp */ = {isa = PBXFileReference; lastKnownFileType = sourcecode.cpp.h; path = OrderSystem.hpp; sourceTree = "<group>"; };
		2306783828F819B000668CF9 /* Product.cpp */ = {isa = PBXFileReference; lastKnownFileType = sourcecode.cpp.cpp; path = Product.cpp; sourceTree = "<group>"; };
		2306783928F819B000668CF9 /* Product.hpp */ = {isa = PBXFileReference; lastKnownFileType = sourcecode.cpp.h; path = Product.hpp; sourceTree = "<group>"; };
		2306783D28F819BA00668CF9 /* Bread.cpp */ = {isa = PBXFileReference; lastKnownFileType = sourcecode.cpp.cpp; path = Bread.cpp; sourceTree = "<group>"; };
		2306783E28F819BA00668CF9 /* Bread.hpp */ = {isa = PBXFileReference; lastKnownFileType = sourcecode.cpp.h; path = Bread.hpp; sourceTree = "<group>"; };
		2306784128F819C300668CF9 /* Mike.cpp */ = {isa = PBXFileReference; lastKnownFileType = sourcecode.cpp.cpp; path = Mike.cpp; sourceTree = "<group>"; };
		2306784228F819C300668CF9 /* Mike.hpp */ = {isa = PBXFileReference; lastKnownFileType = sourcecode.cpp.h; path = Mike.hpp; sourceTree = "<group>"; };
		2306784628F819CD00668CF9 /* Order.hpp */ = {isa = PBXFileReference; lastKnownFileType = sourcecode.cpp.h; path = Order.hpp; sourceTree = "<group>"; };
		2306784928F819DC00668CF9 /* BuyOrder.cpp */ = {isa = PBXFileReference; lastKnownFileType = sourcecode.cpp.cpp; path = BuyOrder.cpp; sourceTree = "<group>"; };
		2306784A28F819DC00668CF9 /* BuyOrder.hpp */ = {isa = PBXFileReference; lastKnownFileType = sourcecode.cpp.h; path = BuyOrder.hpp; sourceTree = "<group>"; };
		2306784D28F819E700668CF9 /* SellOrder.cpp */ = {isa = PBXFileReference; lastKnownFileType = sourcecode.cpp.cpp; path = SellOrder.cpp; sourceTree = "<group>"; };
		2306784E28F819E700668CF9 /* SellOrder.hpp */ = {isa = PBXFileReference; lastKnownFileType = sourcecode.cpp.h; path = SellOrder.hpp; sourceTree = "<group>"; };
		2306785D28F8F78E00668CF9 /* Calculator.cpp */ = {isa = PBXFileReference; lastKnownFileType = sourcecode.cpp.cpp; path = Calculator.cpp; sourceTree = "<group>"; };
		2306785E28F8F78E00668CF9 /* Calculator.hpp */ = {isa = PBXFileReference; lastKnownFileType = sourcecode.cpp.h; path = Calculator.hpp; sourceTree = "<group>"; };
		2306786228F8F7A000668CF9 /* Expression.hpp */ = {isa = PBXFileReference; lastKnownFileType = sourcecode.cpp.h; path = Expression.hpp; sourceTree = "<group>"; };
		2306786528F8F7E400668CF9 /* TerminalExpression.cpp */ = {isa = PBXFileReference; lastKnownFileType = sourcecode.cpp.cpp; path = TerminalExpression.cpp; sourceTree = "<group>"; };
		2306786628F8F7E400668CF9 /* TerminalExpression.hpp */ = {isa = PBXFileReference; lastKnownFileType = sourcecode.cpp.h; path = TerminalExpression.hpp; sourceTree = "<group>"; };
		2306786928F8F7F400668CF9 /* AddExpression.cpp */ = {isa = PBXFileReference; lastKnownFileType = sourcecode.cpp.cpp; path = AddExpression.cpp; sourceTree = "<group>"; };
		2306786A28F8F7F400668CF9 /* AddExpression.hpp */ = {isa = PBXFileReference; lastKnownFileType = sourcecode.cpp.h; path = AddExpression.hpp; sourceTree = "<group>"; };
		2306786D28F8F80700668CF9 /* SubExpression.cpp */ = {isa = PBXFileReference; lastKnownFileType = sourcecode.cpp.cpp; path = SubExpression.cpp; sourceTree = "<group>"; };
		2306786E28F8F80700668CF9 /* SubExpression.hpp */ = {isa = PBXFileReference; lastKnownFileType = sourcecode.cpp.h; path = SubExpression.hpp; sourceTree = "<group>"; };
		2306787328F9084400668CF9 /* Container.cpp */ = {isa = PBXFileReference; lastKnownFileType = sourcecode.cpp.cpp; path = Container.cpp; sourceTree = "<group>"; };
		2306787428F9084400668CF9 /* Container.hpp */ = {isa = PBXFileReference; lastKnownFileType = sourcecode.cpp.h; path = Container.hpp; sourceTree = "<group>"; };
		2306787728F90E3A00668CF9 /* Iterator.cpp */ = {isa = PBXFileReference; lastKnownFileType = sourcecode.cpp.cpp; path = Iterator.cpp; sourceTree = "<group>"; };
		2306787828F90E3A00668CF9 /* Iterator.hpp */ = {isa = PBXFileReference; lastKnownFileType = sourcecode.cpp.h; path = Iterator.hpp; sourceTree = "<group>"; };
		2306787B28F913F100668CF9 /* ContainerTester.cpp */ = {isa = PBXFileReference; lastKnownFileType = sourcecode.cpp.cpp; path = ContainerTester.cpp; sourceTree = "<group>"; };
		2306787C28F913F100668CF9 /* ContainerTester.hpp */ = {isa = PBXFileReference; lastKnownFileType = sourcecode.cpp.h; path = ContainerTester.hpp; sourceTree = "<group>"; };
		2306788028F930DE00668CF9 /* User.cpp */ = {isa = PBXFileReference; lastKnownFileType = sourcecode.cpp.cpp; path = User.cpp; sourceTree = "<group>"; };
		2306788128F930DE00668CF9 /* User.hpp */ = {isa = PBXFileReference; lastKnownFileType = sourcecode.cpp.h; path = User.hpp; sourceTree = "<group>"; };
		2306788528F930EC00668CF9 /* ChatRoom.cpp */ = {isa = PBXFileReference; lastKnownFileType = sourcecode.cpp.cpp; path = ChatRoom.cpp; sourceTree = "<group>"; };
		2306788628F930EC00668CF9 /* ChatRoom.hpp */ = {isa = PBXFileReference; lastKnownFileType = sourcecode.cpp.h; path = ChatRoom.hpp; sourceTree = "<group>"; };
		2306788928F930FC00668CF9 /* ChatSoftware.cpp */ = {isa = PBXFileReference; lastKnownFileType = sourcecode.cpp.cpp; path = ChatSoftware.cpp; sourceTree = "<group>"; };
		2306788A28F930FC00668CF9 /* ChatSoftware.hpp */ = {isa = PBXFileReference; lastKnownFileType = sourcecode.cpp.h; path = ChatSoftware.hpp; sourceTree = "<group>"; };
		23672DB8290A8D7100489020 /* TextEditor.cpp */ = {isa = PBXFileReference; lastKnownFileType = sourcecode.cpp.cpp; path = TextEditor.cpp; sourceTree = "<group>"; };
		23672DB9290A8D7100489020 /* TextEditor.hpp */ = {isa = PBXFileReference; lastKnownFileType = sourcecode.cpp.h; path = TextEditor.hpp; sourceTree = "<group>"; };
		23672DBD290A8D8000489020 /* Memento.cpp */ = {isa = PBXFileReference; lastKnownFileType = sourcecode.cpp.cpp; path = Memento.cpp; sourceTree = "<group>"; };
		23672DBE290A8D8000489020 /* Memento.hpp */ = {isa = PBXFileReference; lastKnownFileType = sourcecode.cpp.h; path = Memento.hpp; sourceTree = "<group>"; };
		23672DC1290A8D9200489020 /* MementoManager.cpp */ = {isa = PBXFileReference; lastKnownFileType = sourcecode.cpp.cpp; path = MementoManager.cpp; sourceTree = "<group>"; };
		23672DC2290A8D9200489020 /* MementoManager.hpp */ = {isa = PBXFileReference; lastKnownFileType = sourcecode.cpp.h; path = MementoManager.hpp; sourceTree = "<group>"; };
		23672DC6290AA23800489020 /* Object.cpp */ = {isa = PBXFileReference; lastKnownFileType = sourcecode.cpp.cpp; path = Object.cpp; sourceTree = "<group>"; };
		23672DC7290AA23800489020 /* Object.hpp */ = {isa = PBXFileReference; lastKnownFileType = sourcecode.cpp.h; path = Object.hpp; sourceTree = "<group>"; };
		23672DCD290AA7B000489020 /* Observer.hpp */ = {isa = PBXFileReference; lastKnownFileType = sourcecode.cpp.h; path = Observer.hpp; sourceTree = "<group>"; };
		23672DD0290AA7D400489020 /* StandObserver.cpp */ = {isa = PBXFileReference; lastKnownFileType = sourcecode.cpp.cpp; path = StandObserver.cpp; sourceTree = "<group>"; };
		23672DD1290AA7D400489020 /* StandObserver.hpp */ = {isa = PBXFileReference; lastKnownFileType = sourcecode.cpp.h; path = StandObserver.hpp; sourceTree = "<group>"; };
		23672DD4290AA7FF00489020 /* CrouchObserver.cpp */ = {isa = PBXFileReference; lastKnownFileType = sourcecode.cpp.cpp; path = CrouchObserver.cpp; sourceTree = "<group>"; };
		23672DD5290AA7FF00489020 /* CrouchObserver.hpp */ = {isa = PBXFileReference; lastKnownFileType = sourcecode.cpp.h; path = CrouchObserver.hpp; sourceTree = "<group>"; };
		23672DD8290AA80E00489020 /* WalkObserver.cpp */ = {isa = PBXFileReference; lastKnownFileType = sourcecode.cpp.cpp; path = WalkObserver.cpp; sourceTree = "<group>"; };
		23672DD9290AA80E00489020 /* WalkObserver.hpp */ = {isa = PBXFileReference; lastKnownFileType = sourcecode.cpp.h; path = WalkObserver.hpp; sourceTree = "<group>"; };
		23672DDC290AA82000489020 /* RunObserver.cpp */ = {isa = PBXFileReference; lastKnownFileType = sourcecode.cpp.cpp; path = RunObserver.cpp; sourceTree = "<group>"; };
		23672DDD290AA82000489020 /* RunObserver.hpp */ = {isa = PBXFileReference; lastKnownFileType = sourcecode.cpp.h; path = RunObserver.hpp; sourceTree = "<group>"; };
		23672DE1290AAE9500489020 /* Director.cpp */ = {isa = PBXFileReference; lastKnownFileType = sourcecode.cpp.cpp; path = Director.cpp; sourceTree = "<group>"; };
		23672DE2290AAE9500489020 /* Director.hpp */ = {isa = PBXFileReference; lastKnownFileType = sourcecode.cpp.h; path = Director.hpp; sourceTree = "<group>"; };
/* End PBXFileReference section */

/* Begin PBXFrameworksBuildPhase section */
		2306763A28F5219F00668CF9 /* Frameworks */ = {
			isa = PBXFrameworksBuildPhase;
			buildActionMask = 2147483647;
			files = (
			);
			runOnlyForDeploymentPostprocessing = 0;
		};
/* End PBXFrameworksBuildPhase section */

/* Begin PBXGroup section */
		2306763428F5219F00668CF9 = {
			isa = PBXGroup;
			children = (
				2306763F28F5219F00668CF9 /* DesignPatternDemo */,
				2306763E28F5219F00668CF9 /* Products */,
			);
			sourceTree = "<group>";
		};
		2306763E28F5219F00668CF9 /* Products */ = {
			isa = PBXGroup;
			children = (
				2306763D28F5219F00668CF9 /* DesignPatternDemo */,
			);
			name = Products;
			sourceTree = "<group>";
		};
		2306763F28F5219F00668CF9 /* DesignPatternDemo */ = {
			isa = PBXGroup;
			children = (
				2306764828F5392000668CF9 /* FactoryPattern */,
				2306766028F547AC00668CF9 /* AbstractFactoryPattern */,
				2306769728F56F6D00668CF9 /* SingletonPattern */,
				2306769C28F5787400668CF9 /* BuilderPattern */,
				230676D128F64F3E00668CF9 /* PrototypePattern */,
				230676E828F668C000668CF9 /* AdapterPattern */,
				2306772C28F6B67E00668CF9 /* BrigdePattern */,
				2306775B28F6CC1700668CF9 /* CompositePattern */,
				2306776528F6E00700668CF9 /* DecoratorPattern */,
				2306778A28F7A6AC00668CF9 /* FacadePattern */,
				230677B128F7B12100668CF9 /* FlyWeightPattern */,
				230677CF28F7C81D00668CF9 /* ProxyPattern */,
				230677E228F7E3F100668CF9 /* ChainOfResponsibilityPattern */,
				2306782C28F8193900668CF9 /* CommandPattern */,
				2306785B28F8F75500668CF9 /* InterpreterPattern */,
				2306787228F907EA00668CF9 /* IteratorPattern */,
				2306787F28F930BC00668CF9 /* MediatorPattern */,
				23672DB7290A8C9600489020 /* MementoPattern */,
				23672DC5290AA21300489020 /* ObserverPattern */,
				2306764028F5219F00668CF9 /* main.cpp */,
			);
			path = DesignPatternDemo;
			sourceTree = "<group>";
		};
		2306764828F5392000668CF9 /* FactoryPattern */ = {
			isa = PBXGroup;
			children = (
				2306765E28F539E300668CF9 /* Shape */,
				2306764928F5398500668CF9 /* ShapeFactory.cpp */,
				2306764A28F5398500668CF9 /* ShapeFactory.hpp */,
			);
			path = FactoryPattern;
			sourceTree = "<group>";
		};
		2306765E28F539E300668CF9 /* Shape */ = {
			isa = PBXGroup;
			children = (
				2306764E28F539AE00668CF9 /* Shape.cpp */,
				2306764F28F539AE00668CF9 /* Shape.hpp */,
				2306765228F539B900668CF9 /* Circle.cpp */,
				2306765328F539B900668CF9 /* Circle.hpp */,
				2306765628F539CA00668CF9 /* Square.cpp */,
				2306765728F539CA00668CF9 /* Square.hpp */,
				2306765A28F539DE00668CF9 /* Rectangle.cpp */,
				2306765B28F539DE00668CF9 /* Rectangle.hpp */,
			);
			path = Shape;
			sourceTree = "<group>";
		};
		2306766028F547AC00668CF9 /* AbstractFactoryPattern */ = {
			isa = PBXGroup;
			children = (
				2306766828F5482100668CF9 /* Color */,
				2306766728F5481D00668CF9 /* Shape */,
				2306766628F5480C00668CF9 /* Factory */,
				2306766128F547FC00668CF9 /* FactoryManager.cpp */,
				2306766228F547FC00668CF9 /* FactoryManager.hpp */,
			);
			path = AbstractFactoryPattern;
			sourceTree = "<group>";
		};
		2306766628F5480C00668CF9 /* Factory */ = {
			isa = PBXGroup;
			children = (
				2306766A28F5497100668CF9 /* AbstractFactory.hpp */,
				2306766D28F5498300668CF9 /* ShapeFactory.cpp */,
				2306766E28F5498300668CF9 /* ShapeFactory.hpp */,
				2306767128F5499C00668CF9 /* ColorFactory.cpp */,
				2306767228F5499C00668CF9 /* ColorFactory.hpp */,
			);
			path = Factory;
			sourceTree = "<group>";
		};
		2306766728F5481D00668CF9 /* Shape */ = {
			isa = PBXGroup;
			children = (
				2306767528F549AD00668CF9 /* Shape.cpp */,
				2306767628F549AD00668CF9 /* Shape.hpp */,
				2306767928F549BE00668CF9 /* Circle.cpp */,
				2306767A28F549BE00668CF9 /* Circle.hpp */,
				2306767D28F549CA00668CF9 /* Square.cpp */,
				2306767E28F549CA00668CF9 /* Square.hpp */,
				2306768128F549DB00668CF9 /* Rectangle.cpp */,
				2306768228F549DB00668CF9 /* Rectangle.hpp */,
			);
			path = Shape;
			sourceTree = "<group>";
		};
		2306766828F5482100668CF9 /* Color */ = {
			isa = PBXGroup;
			children = (
				2306768528F549ED00668CF9 /* Color.cpp */,
				2306768628F549ED00668CF9 /* Color.hpp */,
				2306768928F54A0900668CF9 /* Red.cpp */,
				2306768A28F54A0900668CF9 /* Red.hpp */,
				2306768E28F54A1400668CF9 /* Green.cpp */,
				2306768F28F54A1400668CF9 /* Green.hpp */,
				2306769228F54A1E00668CF9 /* Blue.cpp */,
				2306769328F54A1E00668CF9 /* Blue.hpp */,
			);
			path = Color;
			sourceTree = "<group>";
		};
		2306769728F56F6D00668CF9 /* SingletonPattern */ = {
			isa = PBXGroup;
			children = (
				2306769828F56F9100668CF9 /* Singleton.cpp */,
				2306769928F56F9100668CF9 /* Singleton.hpp */,
			);
			path = SingletonPattern;
			sourceTree = "<group>";
		};
		2306769C28F5787400668CF9 /* BuilderPattern */ = {
			isa = PBXGroup;
			children = (
				230676A628F578C500668CF9 /* Packing */,
				230676A528F578B700668CF9 /* Product */,
				2306769D28F578A200668CF9 /* MealBuilder.cpp */,
				2306769E28F578A200668CF9 /* MealBuilder.hpp */,
				230676A128F578B300668CF9 /* Meal.cpp */,
				230676A228F578B400668CF9 /* Meal.hpp */,
			);
			path = BuilderPattern;
			sourceTree = "<group>";
		};
		230676A528F578B700668CF9 /* Product */ = {
			isa = PBXGroup;
			children = (
				230676AD28F5793500668CF9 /* Drink */,
				230676AC28F5792F00668CF9 /* Food */,
				230676CD28F58B1E00668CF9 /* Product.cpp */,
				230676A828F5791900668CF9 /* Product.hpp */,
			);
			path = Product;
			sourceTree = "<group>";
		};
		230676A628F578C500668CF9 /* Packing */ = {
			isa = PBXGroup;
			children = (
				230676C028F5797600668CF9 /* Packing.hpp */,
				230676C328F57E5800668CF9 /* Bowl.cpp */,
				230676C428F57E5800668CF9 /* Bowl.hpp */,
				230676C728F5803F00668CF9 /* Bottle.cpp */,
				230676C828F5803F00668CF9 /* Bottle.hpp */,
			);
			path = Packing;
			sourceTree = "<group>";
		};
		230676AC28F5792F00668CF9 /* Food */ = {
			isa = PBXGroup;
			children = (
				230676AE28F5794700668CF9 /* Rice.cpp */,
				230676AF28F5794700668CF9 /* Rice.hpp */,
				230676B328F5795100668CF9 /* Noodle.cpp */,
				230676B428F5795100668CF9 /* Noodle.hpp */,
			);
			path = Food;
			sourceTree = "<group>";
		};
		230676AD28F5793500668CF9 /* Drink */ = {
			isa = PBXGroup;
			children = (
				230676B728F5795E00668CF9 /* Beer.cpp */,
				230676B828F5795E00668CF9 /* Beer.hpp */,
				230676BB28F5796A00668CF9 /* Mike.cpp */,
				230676BC28F5796A00668CF9 /* Mike.hpp */,
			);
			path = Drink;
			sourceTree = "<group>";
		};
		230676D128F64F3E00668CF9 /* PrototypePattern */ = {
			isa = PBXGroup;
			children = (
				230676D728F64F8200668CF9 /* Shape */,
				230676D228F64F7F00668CF9 /* ShapeCache.cpp */,
				230676D328F64F7F00668CF9 /* ShapeCache.hpp */,
			);
			path = PrototypePattern;
			sourceTree = "<group>";
		};
		230676D728F64F8200668CF9 /* Shape */ = {
			isa = PBXGroup;
			children = (
				230676D828F64F9300668CF9 /* Shape.cpp */,
				230676D928F64F9300668CF9 /* Shape.hpp */,
				230676DC28F64FA000668CF9 /* Circle.cpp */,
				230676DD28F64FA000668CF9 /* Circle.hpp */,
				230676E028F64FAD00668CF9 /* Square.cpp */,
				230676E128F64FAD00668CF9 /* Square.hpp */,
				230676E428F64FBB00668CF9 /* Rectangle.cpp */,
				230676E528F64FBB00668CF9 /* Rectangle.hpp */,
			);
			path = Shape;
			sourceTree = "<group>";
		};
		230676E828F668C000668CF9 /* AdapterPattern */ = {
			isa = PBXGroup;
			children = (
				230676E928F668F000668CF9 /* MediaPlayer */,
				230676EA28F6693B00668CF9 /* VideoAdapter.cpp */,
				230676EB28F6693B00668CF9 /* VideoAdapter.hpp */,
			);
			path = AdapterPattern;
			sourceTree = "<group>";
		};
		230676E928F668F000668CF9 /* MediaPlayer */ = {
			isa = PBXGroup;
			children = (
				2306770D28F6740500668CF9 /* AdvanceVideoPlayer */,
				230676EF28F6696B00668CF9 /* MediaPlayer.cpp */,
				230676F028F6696B00668CF9 /* MediaPlayer.hpp */,
				230676F428F6697A00668CF9 /* AudioPlayer.cpp */,
				230676F528F6697A00668CF9 /* AudioPlayer.hpp */,
				230676F828F6698A00668CF9 /* VideoPlayer.cpp */,
				230676F928F6698A00668CF9 /* VideoPlayer.hpp */,
			);
			path = MediaPlayer;
			sourceTree = "<group>";
		};
		2306770D28F6740500668CF9 /* AdvanceVideoPlayer */ = {
			isa = PBXGroup;
			children = (
				230676FE28F669A600668CF9 /* AdvanceVideoPlayer.hpp */,
				2306770228F669B700668CF9 /* MovVideoPlayer.cpp */,
				2306770328F669B700668CF9 /* MovVideoPlayer.hpp */,
				2306770628F669CB00668CF9 /* AviVideoPlayer.cpp */,
				2306770728F669CB00668CF9 /* AviVideoPlayer.hpp */,
			);
			path = AdvanceVideoPlayer;
			sourceTree = "<group>";
		};
		2306772C28F6B67E00668CF9 /* BrigdePattern */ = {
			isa = PBXGroup;
			children = (
				2306773328F6B6CF00668CF9 /* DrawApi */,
				2306773228F6B6B600668CF9 /* Shape */,
				2306772D28F6B6B200668CF9 /* Artist.cpp */,
				2306772E28F6B6B200668CF9 /* Artist.hpp */,
			);
			path = BrigdePattern;
			sourceTree = "<group>";
		};
		2306773228F6B6B600668CF9 /* Shape */ = {
			isa = PBXGroup;
			children = (
				2306773428F6B6E500668CF9 /* Shape.cpp */,
				2306773528F6B6E500668CF9 /* Shape.hpp */,
				2306773828F6B70300668CF9 /* Circle.cpp */,
				2306773928F6B70300668CF9 /* Circle.hpp */,
				2306773C28F6B71200668CF9 /* Rectangle.cpp */,
				2306773D28F6B71200668CF9 /* Rectangle.hpp */,
			);
			path = Shape;
			sourceTree = "<group>";
		};
		2306773328F6B6CF00668CF9 /* DrawApi */ = {
			isa = PBXGroup;
			children = (
				2306774128F6B76400668CF9 /* DrawApi.hpp */,
				2306774428F6B77800668CF9 /* DrawRedCircleApi.cpp */,
				2306774528F6B77800668CF9 /* DrawRedCircleApi.hpp */,
				2306775328F6BCF700668CF9 /* DrawRedRectangleApi.cpp */,
				2306775428F6BCF700668CF9 /* DrawRedRectangleApi.hpp */,
				2306775728F6BD0B00668CF9 /* DrawGreenRectangleApi.cpp */,
				2306775828F6BD0B00668CF9 /* DrawGreenRectangleApi.hpp */,
			);
			path = DrawApi;
			sourceTree = "<group>";
		};
		2306775B28F6CC1700668CF9 /* CompositePattern */ = {
			isa = PBXGroup;
			children = (
				2306775C28F6CC4500668CF9 /* Employee.cpp */,
				2306775D28F6CC4500668CF9 /* Employee.hpp */,
				2306776128F6CD7100668CF9 /* Company.cpp */,
				2306776228F6CD7100668CF9 /* Company.hpp */,
			);
			path = CompositePattern;
			sourceTree = "<group>";
		};
		2306776528F6E00700668CF9 /* DecoratorPattern */ = {
			isa = PBXGroup;
			children = (
				2306776728F6E02800668CF9 /* Shape */,
				2306776628F6E01900668CF9 /* ShapeDecorator */,
				2306776828F6E04800668CF9 /* Artist.cpp */,
				2306776928F6E04800668CF9 /* Artist.hpp */,
			);
			path = DecoratorPattern;
			sourceTree = "<group>";
		};
		2306776628F6E01900668CF9 /* ShapeDecorator */ = {
			isa = PBXGroup;
			children = (
				2306777928F6E0A800668CF9 /* ShapeDecorator.cpp */,
				2306777A28F6E0A800668CF9 /* ShapeDecorator.hpp */,
				2306777D28F6E0B500668CF9 /* RedShapeDecorator.cpp */,
				2306777E28F6E0B500668CF9 /* RedShapeDecorator.hpp */,
			);
			path = ShapeDecorator;
			sourceTree = "<group>";
		};
		2306776728F6E02800668CF9 /* Shape */ = {
			isa = PBXGroup;
			children = (
				2306776E28F6E07200668CF9 /* Shape.hpp */,
				2306777128F6E07F00668CF9 /* Circle.cpp */,
				2306777228F6E07F00668CF9 /* Circle.hpp */,
				2306777528F6E08E00668CF9 /* Rectangle.cpp */,
				2306777628F6E08E00668CF9 /* Rectangle.hpp */,
			);
			path = Shape;
			sourceTree = "<group>";
		};
		2306778A28F7A6AC00668CF9 /* FacadePattern */ = {
			isa = PBXGroup;
			children = (
				2306778B28F7A6BF00668CF9 /* Shape */,
				2306779D28F7A6FD00668CF9 /* ShapeMaker.cpp */,
				2306779E28F7A6FD00668CF9 /* ShapeMaker.hpp */,
			);
			path = FacadePattern;
			sourceTree = "<group>";
		};
		2306778B28F7A6BF00668CF9 /* Shape */ = {
			isa = PBXGroup;
			children = (
				2306778D28F7A6CD00668CF9 /* Shape.hpp */,
				2306779128F7A6D700668CF9 /* Circle.cpp */,
				2306779228F7A6D700668CF9 /* Circle.hpp */,
				2306779528F7A6E200668CF9 /* Square.cpp */,
				2306779628F7A6E200668CF9 /* Square.hpp */,
				2306779928F7A6EF00668CF9 /* Rectangle.cpp */,
				2306779A28F7A6EF00668CF9 /* Rectangle.hpp */,
			);
			path = Shape;
			sourceTree = "<group>";
		};
		230677B128F7B12100668CF9 /* FlyWeightPattern */ = {
			isa = PBXGroup;
			children = (
				230677B728F7B14D00668CF9 /* Shape */,
				230677B228F7B14800668CF9 /* ShapeFactory.cpp */,
				230677B328F7B14800668CF9 /* ShapeFactory.hpp */,
			);
			path = FlyWeightPattern;
			sourceTree = "<group>";
		};
		230677B728F7B14D00668CF9 /* Shape */ = {
			isa = PBXGroup;
			children = (
				230677BD28F7B16300668CF9 /* Circle */,
				230677B928F7B15F00668CF9 /* Shape.hpp */,
				230677BE28F7B17000668CF9 /* Circle.cpp */,
				230677BF28F7B17000668CF9 /* Circle.hpp */,
			);
			path = Shape;
			sourceTree = "<group>";
		};
		230677BD28F7B16300668CF9 /* Circle */ = {
			isa = PBXGroup;
			children = (
				230677C328F7B20A00668CF9 /* RedCircle.cpp */,
				230677C428F7B20A00668CF9 /* RedCircle.hpp */,
				230677C728F7B21700668CF9 /* GreenCircle.cpp */,
				230677C828F7B21700668CF9 /* GreenCircle.hpp */,
				230677CB28F7B22300668CF9 /* BlueCircle.cpp */,
				230677CC28F7B22300668CF9 /* BlueCircle.hpp */,
			);
			path = Circle;
			sourceTree = "<group>";
		};
		230677CF28F7C81D00668CF9 /* ProxyPattern */ = {
			isa = PBXGroup;
			children = (
				230677D028F7C83000668CF9 /* Image */,
				230677D128F7C86600668CF9 /* ImageManager.cpp */,
				230677D228F7C86600668CF9 /* ImageManager.hpp */,
			);
			path = ProxyPattern;
			sourceTree = "<group>";
		};
		230677D028F7C83000668CF9 /* Image */ = {
			isa = PBXGroup;
			children = (
				230677D628F7DC5A00668CF9 /* Image.cpp */,
				230677D728F7DC5A00668CF9 /* Image.hpp */,
				230677DA28F7DC6800668CF9 /* RealImage.cpp */,
				230677DB28F7DC6800668CF9 /* RealImage.hpp */,
				230677DE28F7DC9000668CF9 /* ProxyImage.cpp */,
				230677DF28F7DC9000668CF9 /* ProxyImage.hpp */,
			);
			path = Image;
			sourceTree = "<group>";
		};
		230677E228F7E3F100668CF9 /* ChainOfResponsibilityPattern */ = {
			isa = PBXGroup;
			children = (
				230677E728F7E87000668CF9 /* Log */,
				230677E328F7E86A00668CF9 /* LogPrinter.cpp */,
				230677E428F7E86A00668CF9 /* LogPrinter.hpp */,
			);
			path = ChainOfResponsibilityPattern;
			sourceTree = "<group>";
		};
		230677E728F7E87000668CF9 /* Log */ = {
			isa = PBXGroup;
			children = (
				230677E828F7E87D00668CF9 /* Log.cpp */,
				230677E928F7E87D00668CF9 /* Log.hpp */,
				230677ED28F7E89200668CF9 /* NormalLog.cpp */,
				230677EE28F7E89200668CF9 /* NormalLog.hpp */,
				230677F128F7E89D00668CF9 /* WarnLog.cpp */,
				230677F228F7E89D00668CF9 /* WarnLog.hpp */,
				230677F528F7E8A800668CF9 /* ErrorLog.cpp */,
				230677F628F7E8A800668CF9 /* ErrorLog.hpp */,
			);
			path = Log;
			sourceTree = "<group>";
		};
		2306782C28F8193900668CF9 /* CommandPattern */ = {
			isa = PBXGroup;
			children = (
				2306783728F8198100668CF9 /* Order */,
				2306783628F8197400668CF9 /* Product */,
				2306782D28F8196100668CF9 /* MarketManager.cpp */,
				2306782E28F8196100668CF9 /* MarketManager.hpp */,
				2306783228F8197000668CF9 /* OrderSystem.cpp */,
				2306783328F8197000668CF9 /* OrderSystem.hpp */,
			);
			path = CommandPattern;
			sourceTree = "<group>";
		};
		2306783628F8197400668CF9 /* Product */ = {
			isa = PBXGroup;
			children = (
				2306783828F819B000668CF9 /* Product.cpp */,
				2306783928F819B000668CF9 /* Product.hpp */,
				2306783D28F819BA00668CF9 /* Bread.cpp */,
				2306783E28F819BA00668CF9 /* Bread.hpp */,
				2306784128F819C300668CF9 /* Mike.cpp */,
				2306784228F819C300668CF9 /* Mike.hpp */,
			);
			path = Product;
			sourceTree = "<group>";
		};
		2306783728F8198100668CF9 /* Order */ = {
			isa = PBXGroup;
			children = (
				2306784628F819CD00668CF9 /* Order.hpp */,
				2306784928F819DC00668CF9 /* BuyOrder.cpp */,
				2306784A28F819DC00668CF9 /* BuyOrder.hpp */,
				2306784D28F819E700668CF9 /* SellOrder.cpp */,
				2306784E28F819E700668CF9 /* SellOrder.hpp */,
			);
			path = Order;
			sourceTree = "<group>";
		};
		2306785B28F8F75500668CF9 /* InterpreterPattern */ = {
			isa = PBXGroup;
			children = (
				2306785C28F8F77800668CF9 /* Expression */,
				2306785D28F8F78E00668CF9 /* Calculator.cpp */,
				2306785E28F8F78E00668CF9 /* Calculator.hpp */,
			);
			path = InterpreterPattern;
			sourceTree = "<group>";
		};
		2306785C28F8F77800668CF9 /* Expression */ = {
			isa = PBXGroup;
			children = (
				2306786228F8F7A000668CF9 /* Expression.hpp */,
				2306786528F8F7E400668CF9 /* TerminalExpression.cpp */,
				2306786628F8F7E400668CF9 /* TerminalExpression.hpp */,
				2306786928F8F7F400668CF9 /* AddExpression.cpp */,
				2306786A28F8F7F400668CF9 /* AddExpression.hpp */,
				2306786D28F8F80700668CF9 /* SubExpression.cpp */,
				2306786E28F8F80700668CF9 /* SubExpression.hpp */,
			);
			path = Expression;
			sourceTree = "<group>";
		};
		2306787228F907EA00668CF9 /* IteratorPattern */ = {
			isa = PBXGroup;
			children = (
				2306787328F9084400668CF9 /* Container.cpp */,
				2306787428F9084400668CF9 /* Container.hpp */,
				2306787728F90E3A00668CF9 /* Iterator.cpp */,
				2306787828F90E3A00668CF9 /* Iterator.hpp */,
				2306787B28F913F100668CF9 /* ContainerTester.cpp */,
				2306787C28F913F100668CF9 /* ContainerTester.hpp */,
			);
			path = IteratorPattern;
			sourceTree = "<group>";
		};
		2306787F28F930BC00668CF9 /* MediatorPattern */ = {
			isa = PBXGroup;
			children = (
				2306788028F930DE00668CF9 /* User.cpp */,
				2306788128F930DE00668CF9 /* User.hpp */,
				2306788528F930EC00668CF9 /* ChatRoom.cpp */,
				2306788628F930EC00668CF9 /* ChatRoom.hpp */,
				2306788928F930FC00668CF9 /* ChatSoftware.cpp */,
				2306788A28F930FC00668CF9 /* ChatSoftware.hpp */,
			);
			path = MediatorPattern;
			sourceTree = "<group>";
		};
		23672DB7290A8C9600489020 /* MementoPattern */ = {
			isa = PBXGroup;
			children = (
				23672DB8290A8D7100489020 /* TextEditor.cpp */,
				23672DB9290A8D7100489020 /* TextEditor.hpp */,
				23672DBD290A8D8000489020 /* Memento.cpp */,
				23672DBE290A8D8000489020 /* Memento.hpp */,
				23672DC1290A8D9200489020 /* MementoManager.cpp */,
				23672DC2290A8D9200489020 /* MementoManager.hpp */,
			);
			path = MementoPattern;
			sourceTree = "<group>";
		};
		23672DC5290AA21300489020 /* ObserverPattern */ = {
			isa = PBXGroup;
			children = (
				23672DCB290AA79900489020 /* Observer */,
				23672DC6290AA23800489020 /* Object.cpp */,
				23672DC7290AA23800489020 /* Object.hpp */,
				23672DE1290AAE9500489020 /* Director.cpp */,
				23672DE2290AAE9500489020 /* Director.hpp */,
			);
			path = ObserverPattern;
			sourceTree = "<group>";
		};
		23672DCB290AA79900489020 /* Observer */ = {
			isa = PBXGroup;
			children = (
				23672DCD290AA7B000489020 /* Observer.hpp */,
				23672DD0290AA7D400489020 /* StandObserver.cpp */,
				23672DD1290AA7D400489020 /* StandObserver.hpp */,
				23672DD4290AA7FF00489020 /* CrouchObserver.cpp */,
				23672DD5290AA7FF00489020 /* CrouchObserver.hpp */,
				23672DD8290AA80E00489020 /* WalkObserver.cpp */,
				23672DD9290AA80E00489020 /* WalkObserver.hpp */,
				23672DDC290AA82000489020 /* RunObserver.cpp */,
				23672DDD290AA82000489020 /* RunObserver.hpp */,
			);
			path = Observer;
			sourceTree = "<group>";
		};
/* End PBXGroup section */

/* Begin PBXNativeTarget section */
		2306763C28F5219F00668CF9 /* DesignPatternDemo */ = {
			isa = PBXNativeTarget;
			buildConfigurationList = 2306764428F5219F00668CF9 /* Build configuration list for PBXNativeTarget "DesignPatternDemo" */;
			buildPhases = (
				2306763928F5219F00668CF9 /* Sources */,
				2306763A28F5219F00668CF9 /* Frameworks */,
				2306763B28F5219F00668CF9 /* CopyFiles */,
			);
			buildRules = (
			);
			dependencies = (
			);
			name = DesignPatternDemo;
			productName = DesignPatternDemo;
			productReference = 2306763D28F5219F00668CF9 /* DesignPatternDemo */;
			productType = "com.apple.product-type.tool";
		};
/* End PBXNativeTarget section */

/* Begin PBXProject section */
		2306763528F5219F00668CF9 /* Project object */ = {
			isa = PBXProject;
			attributes = {
				LastUpgradeCheck = 1240;
				TargetAttributes = {
					2306763C28F5219F00668CF9 = {
						CreatedOnToolsVersion = 12.4;
					};
				};
			};
			buildConfigurationList = 2306763828F5219F00668CF9 /* Build configuration list for PBXProject "DesignPatternDemo" */;
			compatibilityVersion = "Xcode 9.3";
			developmentRegion = en;
			hasScannedForEncodings = 0;
			knownRegions = (
				en,
				Base,
			);
			mainGroup = 2306763428F5219F00668CF9;
			productRefGroup = 2306763E28F5219F00668CF9 /* Products */;
			projectDirPath = "";
			projectRoot = "";
			targets = (
				2306763C28F5219F00668CF9 /* DesignPatternDemo */,
			);
		};
/* End PBXProject section */

/* Begin PBXSourcesBuildPhase section */
		2306763928F5219F00668CF9 /* Sources */ = {
			isa = PBXSourcesBuildPhase;
			buildActionMask = 2147483647;
			files = (
				2306782F28F8196100668CF9 /* MarketManager.cpp in Sources */,
				2306783428F8197000668CF9 /* OrderSystem.cpp in Sources */,
				2306787D28F913F100668CF9 /* ContainerTester.cpp in Sources */,
				230676DA28F64F9300668CF9 /* Shape.cpp in Sources */,
				230676F128F6696B00668CF9 /* MediaPlayer.cpp in Sources */,
				230677B428F7B14800668CF9 /* ShapeFactory.cpp in Sources */,
				2306783A28F819B000668CF9 /* Product.cpp in Sources */,
				2306788B28F930FC00668CF9 /* ChatSoftware.cpp in Sources */,
				2306783F28F819BA00668CF9 /* Bread.cpp in Sources */,
				23672DBF290A8D8000489020 /* Memento.cpp in Sources */,
				23672DDA290AA80E00489020 /* WalkObserver.cpp in Sources */,
				230676F628F6697A00668CF9 /* AudioPlayer.cpp in Sources */,
				2306788228F930DF00668CF9 /* User.cpp in Sources */,
				230676DE28F64FA000668CF9 /* Circle.cpp in Sources */,
				230677EA28F7E87D00668CF9 /* Log.cpp in Sources */,
				2306775528F6BCF700668CF9 /* DrawRedRectangleApi.cpp in Sources */,
				2306773E28F6B71200668CF9 /* Rectangle.cpp in Sources */,
				230677C928F7B21700668CF9 /* GreenCircle.cpp in Sources */,
				230676D428F64F7F00668CF9 /* ShapeCache.cpp in Sources */,
				2306777B28F6E0A800668CF9 /* ShapeDecorator.cpp in Sources */,
				230676C528F57E5800668CF9 /* Bowl.cpp in Sources */,
				23672DBA290A8D7100489020 /* TextEditor.cpp in Sources */,
				230677D328F7C86600668CF9 /* ImageManager.cpp in Sources */,
				230676C928F5803F00668CF9 /* Bottle.cpp in Sources */,
				2306770828F669CB00668CF9 /* AviVideoPlayer.cpp in Sources */,
				2306767328F5499C00668CF9 /* ColorFactory.cpp in Sources */,
				2306774628F6B77800668CF9 /* DrawRedCircleApi.cpp in Sources */,
				2306772F28F6B6B300668CF9 /* Artist.cpp in Sources */,
				2306769028F54A1400668CF9 /* Green.cpp in Sources */,
				2306767B28F549BE00668CF9 /* Circle.cpp in Sources */,
				230677E528F7E86A00668CF9 /* LogPrinter.cpp in Sources */,
				2306769F28F578A200668CF9 /* MealBuilder.cpp in Sources */,
				2306776328F6CD7100668CF9 /* Company.cpp in Sources */,
				230676A328F578B400668CF9 /* Meal.cpp in Sources */,
				23672DD6290AA7FF00489020 /* CrouchObserver.cpp in Sources */,
				2306779B28F7A6EF00668CF9 /* Rectangle.cpp in Sources */,
				2306779328F7A6D700668CF9 /* Circle.cpp in Sources */,
				2306776A28F6E04800668CF9 /* Artist.cpp in Sources */,
				2306767F28F549CA00668CF9 /* Square.cpp in Sources */,
				2306768B28F54A0900668CF9 /* Red.cpp in Sources */,
				2306767728F549AD00668CF9 /* Shape.cpp in Sources */,
				2306786728F8F7E400668CF9 /* TerminalExpression.cpp in Sources */,
				2306768328F549DB00668CF9 /* Rectangle.cpp in Sources */,
				2306779728F7A6E200668CF9 /* Square.cpp in Sources */,
				2306765828F539CA00668CF9 /* Square.cpp in Sources */,
				2306769428F54A1E00668CF9 /* Blue.cpp in Sources */,
				230677C028F7B17000668CF9 /* Circle.cpp in Sources */,
				230676CE28F58B1E00668CF9 /* Product.cpp in Sources */,
				2306787528F9084400668CF9 /* Container.cpp in Sources */,
				230677CD28F7B22300668CF9 /* BlueCircle.cpp in Sources */,
				230677F728F7E8A800668CF9 /* ErrorLog.cpp in Sources */,
				2306787928F90E3A00668CF9 /* Iterator.cpp in Sources */,
				230677EF28F7E89200668CF9 /* NormalLog.cpp in Sources */,
				230676B528F5795100668CF9 /* Noodle.cpp in Sources */,
				2306768728F549ED00668CF9 /* Color.cpp in Sources */,
				2306785F28F8F78E00668CF9 /* Calculator.cpp in Sources */,
				230677DC28F7DC6800668CF9 /* RealImage.cpp in Sources */,
				2306773A28F6B70300668CF9 /* Circle.cpp in Sources */,
				230677F328F7E89D00668CF9 /* WarnLog.cpp in Sources */,
				230676E628F64FBB00668CF9 /* Rectangle.cpp in Sources */,
				2306764B28F5398500668CF9 /* ShapeFactory.cpp in Sources */,
				23672DDE290AA82000489020 /* RunObserver.cpp in Sources */,
				2306777328F6E07F00668CF9 /* Circle.cpp in Sources */,
				2306784B28F819DC00668CF9 /* BuyOrder.cpp in Sources */,
				2306775E28F6CC4500668CF9 /* Employee.cpp in Sources */,
				230676EC28F6693B00668CF9 /* VideoAdapter.cpp in Sources */,
				2306788728F930EC00668CF9 /* ChatRoom.cpp in Sources */,
				230676FA28F6698A00668CF9 /* VideoPlayer.cpp in Sources */,
				2306773628F6B6E500668CF9 /* Shape.cpp in Sources */,
				2306765428F539B900668CF9 /* Circle.cpp in Sources */,
				230676E228F64FAD00668CF9 /* Square.cpp in Sources */,
				230676B928F5795E00668CF9 /* Beer.cpp in Sources */,
				2306779F28F7A6FD00668CF9 /* ShapeMaker.cpp in Sources */,
				2306764128F5219F00668CF9 /* main.cpp in Sources */,
				23672DC8290AA23800489020 /* Object.cpp in Sources */,
				2306766F28F5498300668CF9 /* ShapeFactory.cpp in Sources */,
				23672DD2290AA7D400489020 /* StandObserver.cpp in Sources */,
				2306766328F547FC00668CF9 /* FactoryManager.cpp in Sources */,
				230676BD28F5796A00668CF9 /* Mike.cpp in Sources */,
				2306775928F6BD0B00668CF9 /* DrawGreenRectangleApi.cpp in Sources */,
				2306786F28F8F80700668CF9 /* SubExpression.cpp in Sources */,
				2306769A28F56F9100668CF9 /* Singleton.cpp in Sources */,
				230676B028F5794700668CF9 /* Rice.cpp in Sources */,
				2306777728F6E08E00668CF9 /* Rectangle.cpp in Sources */,
				230677E028F7DC9000668CF9 /* ProxyImage.cpp in Sources */,
				2306784F28F819E700668CF9 /* SellOrder.cpp in Sources */,
				2306765028F539AE00668CF9 /* Shape.cpp in Sources */,
				2306786B28F8F7F400668CF9 /* AddExpression.cpp in Sources */,
				23672DC3290A8D9200489020 /* MementoManager.cpp in Sources */,
				23672DE3290AAE9500489020 /* Director.cpp in Sources */,
				2306784328F819C300668CF9 /* Mike.cpp in Sources */,
				2306777F28F6E0B500668CF9 /* RedShapeDecorator.cpp in Sources */,
				230677C528F7B20A00668CF9 /* RedCircle.cpp in Sources */,
				230677D828F7DC5A00668CF9 /* Image.cpp in Sources */,
				2306765C28F539DE00668CF9 /* Rectangle.cpp in Sources */,
				2306770428F669B700668CF9 /* MovVideoPlayer.cpp in Sources */,
			);
			runOnlyForDeploymentPostprocessing = 0;
		};
/* End PBXSourcesBuildPhase section */

/* Begin XCBuildConfiguration section */
		2306764228F5219F00668CF9 /* Debug */ = {
			isa = XCBuildConfiguration;
			buildSettings = {
				ALWAYS_SEARCH_USER_PATHS = NO;
				CLANG_ANALYZER_NONNULL = YES;
				CLANG_ANALYZER_NUMBER_OBJECT_CONVERSION = YES_AGGRESSIVE;
				CLANG_CXX_LANGUAGE_STANDARD = "gnu++14";
				CLANG_CXX_LIBRARY = "libc++";
				CLANG_ENABLE_MODULES = YES;
				CLANG_ENABLE_OBJC_ARC = YES;
				CLANG_ENABLE_OBJC_WEAK = YES;
				CLANG_WARN_BLOCK_CAPTURE_AUTORELEASING = YES;
				CLANG_WARN_BOOL_CONVERSION = YES;
				CLANG_WARN_COMMA = YES;
				CLANG_WARN_CONSTANT_CONVERSION = YES;
				CLANG_WARN_DEPRECATED_OBJC_IMPLEMENTATIONS = YES;
				CLANG_WARN_DIRECT_OBJC_ISA_USAGE = YES_ERROR;
				CLANG_WARN_DOCUMENTATION_COMMENTS = YES;
				CLANG_WARN_EMPTY_BODY = YES;
				CLANG_WARN_ENUM_CONVERSION = YES;
				CLANG_WARN_INFINITE_RECURSION = YES;
				CLANG_WARN_INT_CONVERSION = YES;
				CLANG_WARN_NON_LITERAL_NULL_CONVERSION = YES;
				CLANG_WARN_OBJC_IMPLICIT_RETAIN_SELF = YES;
				CLANG_WARN_OBJC_LITERAL_CONVERSION = YES;
				CLANG_WARN_OBJC_ROOT_CLASS = YES_ERROR;
				CLANG_WARN_QUOTED_INCLUDE_IN_FRAMEWORK_HEADER = YES;
				CLANG_WARN_RANGE_LOOP_ANALYSIS = YES;
				CLANG_WARN_STRICT_PROTOTYPES = YES;
				CLANG_WARN_SUSPICIOUS_MOVE = YES;
				CLANG_WARN_UNGUARDED_AVAILABILITY = YES_AGGRESSIVE;
				CLANG_WARN_UNREACHABLE_CODE = YES;
				CLANG_WARN__DUPLICATE_METHOD_MATCH = YES;
				COPY_PHASE_STRIP = NO;
				DEBUG_INFORMATION_FORMAT = dwarf;
				ENABLE_STRICT_OBJC_MSGSEND = YES;
				ENABLE_TESTABILITY = YES;
				GCC_C_LANGUAGE_STANDARD = gnu11;
				GCC_DYNAMIC_NO_PIC = NO;
				GCC_NO_COMMON_BLOCKS = YES;
				GCC_OPTIMIZATION_LEVEL = 0;
				GCC_PREPROCESSOR_DEFINITIONS = (
					"DEBUG=1",
					"$(inherited)",
				);
				GCC_WARN_64_TO_32_BIT_CONVERSION = YES;
				GCC_WARN_ABOUT_RETURN_TYPE = YES_ERROR;
				GCC_WARN_UNDECLARED_SELECTOR = YES;
				GCC_WARN_UNINITIALIZED_AUTOS = YES_AGGRESSIVE;
				GCC_WARN_UNUSED_FUNCTION = YES;
				GCC_WARN_UNUSED_VARIABLE = YES;
				MACOSX_DEPLOYMENT_TARGET = 10.15;
				MTL_ENABLE_DEBUG_INFO = INCLUDE_SOURCE;
				MTL_FAST_MATH = YES;
				ONLY_ACTIVE_ARCH = YES;
				SDKROOT = macosx;
			};
			name = Debug;
		};
		2306764328F5219F00668CF9 /* Release */ = {
			isa = XCBuildConfiguration;
			buildSettings = {
				ALWAYS_SEARCH_USER_PATHS = NO;
				CLANG_ANALYZER_NONNULL = YES;
				CLANG_ANALYZER_NUMBER_OBJECT_CONVERSION = YES_AGGRESSIVE;
				CLANG_CXX_LANGUAGE_STANDARD = "gnu++14";
				CLANG_CXX_LIBRARY = "libc++";
				CLANG_ENABLE_MODULES = YES;
				CLANG_ENABLE_OBJC_ARC = YES;
				CLANG_ENABLE_OBJC_WEAK = YES;
				CLANG_WARN_BLOCK_CAPTURE_AUTORELEASING = YES;
				CLANG_WARN_BOOL_CONVERSION = YES;
				CLANG_WARN_COMMA = YES;
				CLANG_WARN_CONSTANT_CONVERSION = YES;
				CLANG_WARN_DEPRECATED_OBJC_IMPLEMENTATIONS = YES;
				CLANG_WARN_DIRECT_OBJC_ISA_USAGE = YES_ERROR;
				CLANG_WARN_DOCUMENTATION_COMMENTS = YES;
				CLANG_WARN_EMPTY_BODY = YES;
				CLANG_WARN_ENUM_CONVERSION = YES;
				CLANG_WARN_INFINITE_RECURSION = YES;
				CLANG_WARN_INT_CONVERSION = YES;
				CLANG_WARN_NON_LITERAL_NULL_CONVERSION = YES;
				CLANG_WARN_OBJC_IMPLICIT_RETAIN_SELF = YES;
				CLANG_WARN_OBJC_LITERAL_CONVERSION = YES;
				CLANG_WARN_OBJC_ROOT_CLASS = YES_ERROR;
				CLANG_WARN_QUOTED_INCLUDE_IN_FRAMEWORK_HEADER = YES;
				CLANG_WARN_RANGE_LOOP_ANALYSIS = YES;
				CLANG_WARN_STRICT_PROTOTYPES = YES;
				CLANG_WARN_SUSPICIOUS_MOVE = YES;
				CLANG_WARN_UNGUARDED_AVAILABILITY = YES_AGGRESSIVE;
				CLANG_WARN_UNREACHABLE_CODE = YES;
				CLANG_WARN__DUPLICATE_METHOD_MATCH = YES;
				COPY_PHASE_STRIP = NO;
				DEBUG_INFORMATION_FORMAT = "dwarf-with-dsym";
				ENABLE_NS_ASSERTIONS = NO;
				ENABLE_STRICT_OBJC_MSGSEND = YES;
				GCC_C_LANGUAGE_STANDARD = gnu11;
				GCC_NO_COMMON_BLOCKS = YES;
				GCC_WARN_64_TO_32_BIT_CONVERSION = YES;
				GCC_WARN_ABOUT_RETURN_TYPE = YES_ERROR;
				GCC_WARN_UNDECLARED_SELECTOR = YES;
				GCC_WARN_UNINITIALIZED_AUTOS = YES_AGGRESSIVE;
				GCC_WARN_UNUSED_FUNCTION = YES;
				GCC_WARN_UNUSED_VARIABLE = YES;
				MACOSX_DEPLOYMENT_TARGET = 10.15;
				MTL_ENABLE_DEBUG_INFO = NO;
				MTL_FAST_MATH = YES;
				SDKROOT = macosx;
			};
			name = Release;
		};
		2306764528F5219F00668CF9 /* Debug */ = {
			isa = XCBuildConfiguration;
			buildSettings = {
				CODE_SIGN_STYLE = Automatic;
				PRODUCT_NAME = "$(TARGET_NAME)";
			};
			name = Debug;
		};
		2306764628F5219F00668CF9 /* Release */ = {
			isa = XCBuildConfiguration;
			buildSettings = {
				CODE_SIGN_STYLE = Automatic;
				PRODUCT_NAME = "$(TARGET_NAME)";
			};
			name = Release;
		};
/* End XCBuildConfiguration section */

/* Begin XCConfigurationList section */
		2306763828F5219F00668CF9 /* Build configuration list for PBXProject "DesignPatternDemo" */ = {
			isa = XCConfigurationList;
			buildConfigurations = (
				2306764228F5219F00668CF9 /* Debug */,
				2306764328F5219F00668CF9 /* Release */,
			);
			defaultConfigurationIsVisible = 0;
			defaultConfigurationName = Release;
		};
		2306764428F5219F00668CF9 /* Build configuration list for PBXNativeTarget "DesignPatternDemo" */ = {
			isa = XCConfigurationList;
			buildConfigurations = (
				2306764528F5219F00668CF9 /* Debug */,
				2306764628F5219F00668CF9 /* Release */,
			);
			defaultConfigurationIsVisible = 0;
			defaultConfigurationName = Release;
		};
/* End XCConfigurationList section */
	};
	rootObject = 2306763528F5219F00668CF9 /* Project object */;
}
